// !$*UTF8*$!
{
	archiveVersion = 1;
	classes = {
	};
	objectVersion = 46;
	objects = {

/* Begin PBXBuildFile section */
		863BB9F8190D752D006BAFB3 /* Foundation.framework in Frameworks */ = {isa = PBXBuildFile; fileRef = 863BB9F7190D752D006BAFB3 /* Foundation.framework */; };
		863BB9FA190D752D006BAFB3 /* CoreGraphics.framework in Frameworks */ = {isa = PBXBuildFile; fileRef = 863BB9F9190D752D006BAFB3 /* CoreGraphics.framework */; };
		863BB9FC190D752D006BAFB3 /* UIKit.framework in Frameworks */ = {isa = PBXBuildFile; fileRef = 863BB9FB190D752D006BAFB3 /* UIKit.framework */; };
		863BBA02190D752D006BAFB3 /* InfoPlist.strings in Resources */ = {isa = PBXBuildFile; fileRef = 863BBA00190D752D006BAFB3 /* InfoPlist.strings */; };
		863BBA04190D752D006BAFB3 /* main.m in Sources */ = {isa = PBXBuildFile; fileRef = 863BBA03190D752D006BAFB3 /* main.m */; };
		863BBA08190D752D006BAFB3 /* PTAppDelegate.m in Sources */ = {isa = PBXBuildFile; fileRef = 863BBA07190D752D006BAFB3 /* PTAppDelegate.m */; };
		863BBA0B190D752D006BAFB3 /* Main.storyboard in Resources */ = {isa = PBXBuildFile; fileRef = 863BBA09190D752D006BAFB3 /* Main.storyboard */; };
		863BBA0E190D752D006BAFB3 /* PTFirstViewController.m in Sources */ = {isa = PBXBuildFile; fileRef = 863BBA0D190D752D006BAFB3 /* PTFirstViewController.m */; };
		863BBA11190D752D006BAFB3 /* PTSecondViewController.m in Sources */ = {isa = PBXBuildFile; fileRef = 863BBA10190D752D006BAFB3 /* PTSecondViewController.m */; };
		863BBA13190D752D006BAFB3 /* Images.xcassets in Resources */ = {isa = PBXBuildFile; fileRef = 863BBA12190D752D006BAFB3 /* Images.xcassets */; };
		863BBA1A190D752D006BAFB3 /* XCTest.framework in Frameworks */ = {isa = PBXBuildFile; fileRef = 863BBA19190D752D006BAFB3 /* XCTest.framework */; };
		863BBA1B190D752D006BAFB3 /* Foundation.framework in Frameworks */ = {isa = PBXBuildFile; fileRef = 863BB9F7190D752D006BAFB3 /* Foundation.framework */; };
		863BBA1C190D752D006BAFB3 /* UIKit.framework in Frameworks */ = {isa = PBXBuildFile; fileRef = 863BB9FB190D752D006BAFB3 /* UIKit.framework */; };
		863BBA24190D752D006BAFB3 /* InfoPlist.strings in Resources */ = {isa = PBXBuildFile; fileRef = 863BBA22190D752D006BAFB3 /* InfoPlist.strings */; };
		863BBA26190D752D006BAFB3 /* PeckTabTests.m in Sources */ = {isa = PBXBuildFile; fileRef = 863BBA25190D752D006BAFB3 /* PeckTabTests.m */; };
/* End PBXBuildFile section */

/* Begin PBXContainerItemProxy section */
		863BBA1D190D752D006BAFB3 /* PBXContainerItemProxy */ = {
			isa = PBXContainerItemProxy;
			containerPortal = 863BB9EC190D752D006BAFB3 /* Project object */;
			proxyType = 1;
			remoteGlobalIDString = 863BB9F3190D752D006BAFB3;
			remoteInfo = PeckTab;
		};
/* End PBXContainerItemProxy section */

/* Begin PBXFileReference section */
		863BB9F4190D752D006BAFB3 /* PeckTab.app */ = {isa = PBXFileReference; explicitFileType = wrapper.application; includeInIndex = 0; path = PeckTab.app; sourceTree = BUILT_PRODUCTS_DIR; };
		863BB9F7190D752D006BAFB3 /* Foundation.framework */ = {isa = PBXFileReference; lastKnownFileType = wrapper.framework; name = Foundation.framework; path = System/Library/Frameworks/Foundation.framework; sourceTree = SDKROOT; };
		863BB9F9190D752D006BAFB3 /* CoreGraphics.framework */ = {isa = PBXFileReference; lastKnownFileType = wrapper.framework; name = CoreGraphics.framework; path = System/Library/Frameworks/CoreGraphics.framework; sourceTree = SDKROOT; };
		863BB9FB190D752D006BAFB3 /* UIKit.framework */ = {isa = PBXFileReference; lastKnownFileType = wrapper.framework; name = UIKit.framework; path = System/Library/Frameworks/UIKit.framework; sourceTree = SDKROOT; };
		863BB9FF190D752D006BAFB3 /* PeckTab-Info.plist */ = {isa = PBXFileReference; lastKnownFileType = text.plist.xml; path = "PeckTab-Info.plist"; sourceTree = "<group>"; };
		863BBA01190D752D006BAFB3 /* en */ = {isa = PBXFileReference; lastKnownFileType = text.plist.strings; name = en; path = en.lproj/InfoPlist.strings; sourceTree = "<group>"; };
		863BBA03190D752D006BAFB3 /* main.m */ = {isa = PBXFileReference; lastKnownFileType = sourcecode.c.objc; path = main.m; sourceTree = "<group>"; };
		863BBA05190D752D006BAFB3 /* PeckTab-Prefix.pch */ = {isa = PBXFileReference; lastKnownFileType = sourcecode.c.h; path = "PeckTab-Prefix.pch"; sourceTree = "<group>"; };
		863BBA06190D752D006BAFB3 /* PTAppDelegate.h */ = {isa = PBXFileReference; lastKnownFileType = sourcecode.c.h; path = PTAppDelegate.h; sourceTree = "<group>"; };
		863BBA07190D752D006BAFB3 /* PTAppDelegate.m */ = {isa = PBXFileReference; lastKnownFileType = sourcecode.c.objc; path = PTAppDelegate.m; sourceTree = "<group>"; };
		863BBA0A190D752D006BAFB3 /* Base */ = {isa = PBXFileReference; lastKnownFileType = file.storyboard; name = Base; path = Base.lproj/Main.storyboard; sourceTree = "<group>"; };
		863BBA0C190D752D006BAFB3 /* PTFirstViewController.h */ = {isa = PBXFileReference; lastKnownFileType = sourcecode.c.h; path = PTFirstViewController.h; sourceTree = "<group>"; };
		863BBA0D190D752D006BAFB3 /* PTFirstViewController.m */ = {isa = PBXFileReference; lastKnownFileType = sourcecode.c.objc; path = PTFirstViewController.m; sourceTree = "<group>"; };
		863BBA0F190D752D006BAFB3 /* PTSecondViewController.h */ = {isa = PBXFileReference; lastKnownFileType = sourcecode.c.h; path = PTSecondViewController.h; sourceTree = "<group>"; };
		863BBA10190D752D006BAFB3 /* PTSecondViewController.m */ = {isa = PBXFileReference; lastKnownFileType = sourcecode.c.objc; path = PTSecondViewController.m; sourceTree = "<group>"; };
		863BBA12190D752D006BAFB3 /* Images.xcassets */ = {isa = PBXFileReference; lastKnownFileType = folder.assetcatalog; path = Images.xcassets; sourceTree = "<group>"; };
		863BBA18190D752D006BAFB3 /* PeckTabTests.xctest */ = {isa = PBXFileReference; explicitFileType = wrapper.cfbundle; includeInIndex = 0; path = PeckTabTests.xctest; sourceTree = BUILT_PRODUCTS_DIR; };
		863BBA19190D752D006BAFB3 /* XCTest.framework */ = {isa = PBXFileReference; lastKnownFileType = wrapper.framework; name = XCTest.framework; path = Library/Frameworks/XCTest.framework; sourceTree = DEVELOPER_DIR; };
		863BBA21190D752D006BAFB3 /* PeckTabTests-Info.plist */ = {isa = PBXFileReference; lastKnownFileType = text.plist.xml; path = "PeckTabTests-Info.plist"; sourceTree = "<group>"; };
		863BBA23190D752D006BAFB3 /* en */ = {isa = PBXFileReference; lastKnownFileType = text.plist.strings; name = en; path = en.lproj/InfoPlist.strings; sourceTree = "<group>"; };
		863BBA25190D752D006BAFB3 /* PeckTabTests.m */ = {isa = PBXFileReference; lastKnownFileType = sourcecode.c.objc; path = PeckTabTests.m; sourceTree = "<group>"; };
/* End PBXFileReference section */

/* Begin PBXFrameworksBuildPhase section */
		863BB9F1190D752D006BAFB3 /* Frameworks */ = {
			isa = PBXFrameworksBuildPhase;
			buildActionMask = 2147483647;
			files = (
				863BB9FA190D752D006BAFB3 /* CoreGraphics.framework in Frameworks */,
				863BB9FC190D752D006BAFB3 /* UIKit.framework in Frameworks */,
				863BB9F8190D752D006BAFB3 /* Foundation.framework in Frameworks */,
			);
			runOnlyForDeploymentPostprocessing = 0;
		};
		863BBA15190D752D006BAFB3 /* Frameworks */ = {
			isa = PBXFrameworksBuildPhase;
			buildActionMask = 2147483647;
			files = (
				863BBA1A190D752D006BAFB3 /* XCTest.framework in Frameworks */,
				863BBA1C190D752D006BAFB3 /* UIKit.framework in Frameworks */,
				863BBA1B190D752D006BAFB3 /* Foundation.framework in Frameworks */,
			);
			runOnlyForDeploymentPostprocessing = 0;
		};
/* End PBXFrameworksBuildPhase section */

/* Begin PBXGroup section */
		863BB9EB190D752D006BAFB3 = {
			isa = PBXGroup;
			children = (
				863BB9FD190D752D006BAFB3 /* PeckTab */,
				863BBA1F190D752D006BAFB3 /* PeckTabTests */,
				863BB9F6190D752D006BAFB3 /* Frameworks */,
				863BB9F5190D752D006BAFB3 /* Products */,
			);
			sourceTree = "<group>";
		};
		863BB9F5190D752D006BAFB3 /* Products */ = {
			isa = PBXGroup;
			children = (
				863BB9F4190D752D006BAFB3 /* PeckTab.app */,
				863BBA18190D752D006BAFB3 /* PeckTabTests.xctest */,
			);
			name = Products;
			sourceTree = "<group>";
		};
		863BB9F6190D752D006BAFB3 /* Frameworks */ = {
			isa = PBXGroup;
			children = (
				863BB9F7190D752D006BAFB3 /* Foundation.framework */,
				863BB9F9190D752D006BAFB3 /* CoreGraphics.framework */,
				863BB9FB190D752D006BAFB3 /* UIKit.framework */,
				863BBA19190D752D006BAFB3 /* XCTest.framework */,
			);
			name = Frameworks;
			sourceTree = "<group>";
		};
		863BB9FD190D752D006BAFB3 /* PeckTab */ = {
			isa = PBXGroup;
			children = (
				863BBA06190D752D006BAFB3 /* PTAppDelegate.h */,
				863BBA07190D752D006BAFB3 /* PTAppDelegate.m */,
				863BBA09190D752D006BAFB3 /* Main.storyboard */,
				863BBA0C190D752D006BAFB3 /* PTFirstViewController.h */,
				863BBA0D190D752D006BAFB3 /* PTFirstViewController.m */,
				863BBA0F190D752D006BAFB3 /* PTSecondViewController.h */,
				863BBA10190D752D006BAFB3 /* PTSecondViewController.m */,
				863BBA12190D752D006BAFB3 /* Images.xcassets */,
				863BB9FE190D752D006BAFB3 /* Supporting Files */,
			);
			path = PeckTab;
			sourceTree = "<group>";
		};
		863BB9FE190D752D006BAFB3 /* Supporting Files */ = {
			isa = PBXGroup;
			children = (
				863BB9FF190D752D006BAFB3 /* PeckTab-Info.plist */,
				863BBA00190D752D006BAFB3 /* InfoPlist.strings */,
				863BBA03190D752D006BAFB3 /* main.m */,
				863BBA05190D752D006BAFB3 /* PeckTab-Prefix.pch */,
			);
			name = "Supporting Files";
			sourceTree = "<group>";
		};
		863BBA1F190D752D006BAFB3 /* PeckTabTests */ = {
			isa = PBXGroup;
			children = (
				863BBA25190D752D006BAFB3 /* PeckTabTests.m */,
				863BBA20190D752D006BAFB3 /* Supporting Files */,
			);
			path = PeckTabTests;
			sourceTree = "<group>";
		};
		863BBA20190D752D006BAFB3 /* Supporting Files */ = {
			isa = PBXGroup;
			children = (
				863BBA21190D752D006BAFB3 /* PeckTabTests-Info.plist */,
				863BBA22190D752D006BAFB3 /* InfoPlist.strings */,
			);
			name = "Supporting Files";
			sourceTree = "<group>";
		};
/* End PBXGroup section */

/* Begin PBXNativeTarget section */
		863BB9F3190D752D006BAFB3 /* PeckTab */ = {
			isa = PBXNativeTarget;
			buildConfigurationList = 863BBA29190D752D006BAFB3 /* Build configuration list for PBXNativeTarget "PeckTab" */;
			buildPhases = (
				863BB9F0190D752D006BAFB3 /* Sources */,
				863BB9F1190D752D006BAFB3 /* Frameworks */,
				863BB9F2190D752D006BAFB3 /* Resources */,
			);
			buildRules = (
			);
			dependencies = (
			);
			name = PeckTab;
			productName = PeckTab;
			productReference = 863BB9F4190D752D006BAFB3 /* PeckTab.app */;
			productType = "com.apple.product-type.application";
		};
		863BBA17190D752D006BAFB3 /* PeckTabTests */ = {
			isa = PBXNativeTarget;
			buildConfigurationList = 863BBA2C190D752D006BAFB3 /* Build configuration list for PBXNativeTarget "PeckTabTests" */;
			buildPhases = (
				863BBA14190D752D006BAFB3 /* Sources */,
				863BBA15190D752D006BAFB3 /* Frameworks */,
				863BBA16190D752D006BAFB3 /* Resources */,
			);
			buildRules = (
			);
			dependencies = (
				863BBA1E190D752D006BAFB3 /* PBXTargetDependency */,
			);
			name = PeckTabTests;
			productName = PeckTabTests;
			productReference = 863BBA18190D752D006BAFB3 /* PeckTabTests.xctest */;
			productType = "com.apple.product-type.bundle.unit-test";
		};
/* End PBXNativeTarget section */

/* Begin PBXProject section */
		863BB9EC190D752D006BAFB3 /* Project object */ = {
			isa = PBXProject;
			attributes = {
				CLASSPREFIX = PT;
				LastUpgradeCheck = 0510;
				ORGANIZATIONNAME = "Peck App";
				TargetAttributes = {
					863BBA17190D752D006BAFB3 = {
						TestTargetID = 863BB9F3190D752D006BAFB3;
					};
				};
			};
			buildConfigurationList = 863BB9EF190D752D006BAFB3 /* Build configuration list for PBXProject "PeckTab" */;
			compatibilityVersion = "Xcode 3.2";
			developmentRegion = English;
			hasScannedForEncodings = 0;
			knownRegions = (
				en,
				Base,
			);
			mainGroup = 863BB9EB190D752D006BAFB3;
			productRefGroup = 863BB9F5190D752D006BAFB3 /* Products */;
			projectDirPath = "";
			projectRoot = "";
			targets = (
				863BB9F3190D752D006BAFB3 /* PeckTab */,
				863BBA17190D752D006BAFB3 /* PeckTabTests */,
			);
		};
/* End PBXProject section */

/* Begin PBXResourcesBuildPhase section */
		863BB9F2190D752D006BAFB3 /* Resources */ = {
			isa = PBXResourcesBuildPhase;
			buildActionMask = 2147483647;
			files = (
				863BBA13190D752D006BAFB3 /* Images.xcassets in Resources */,
				863BBA02190D752D006BAFB3 /* InfoPlist.strings in Resources */,
				863BBA0B190D752D006BAFB3 /* Main.storyboard in Resources */,
			);
			runOnlyForDeploymentPostprocessing = 0;
		};
		863BBA16190D752D006BAFB3 /* Resources */ = {
			isa = PBXResourcesBuildPhase;
			buildActionMask = 2147483647;
			files = (
				863BBA24190D752D006BAFB3 /* InfoPlist.strings in Resources */,
			);
			runOnlyForDeploymentPostprocessing = 0;
		};
/* End PBXResourcesBuildPhase section */

/* Begin PBXSourcesBuildPhase section */
		863BB9F0190D752D006BAFB3 /* Sources */ = {
			isa = PBXSourcesBuildPhase;
			buildActionMask = 2147483647;
			files = (
				863BBA08190D752D006BAFB3 /* PTAppDelegate.m in Sources */,
				863BBA0E190D752D006BAFB3 /* PTFirstViewController.m in Sources */,
				863BBA11190D752D006BAFB3 /* PTSecondViewController.m in Sources */,
				863BBA04190D752D006BAFB3 /* main.m in Sources */,
			);
			runOnlyForDeploymentPostprocessing = 0;
		};
		863BBA14190D752D006BAFB3 /* Sources */ = {
			isa = PBXSourcesBuildPhase;
			buildActionMask = 2147483647;
			files = (
				863BBA26190D752D006BAFB3 /* PeckTabTests.m in Sources */,
			);
			runOnlyForDeploymentPostprocessing = 0;
		};
/* End PBXSourcesBuildPhase section */

/* Begin PBXTargetDependency section */
		863BBA1E190D752D006BAFB3 /* PBXTargetDependency */ = {
			isa = PBXTargetDependency;
			target = 863BB9F3190D752D006BAFB3 /* PeckTab */;
			targetProxy = 863BBA1D190D752D006BAFB3 /* PBXContainerItemProxy */;
		};
/* End PBXTargetDependency section */

/* Begin PBXVariantGroup section */
		863BBA00190D752D006BAFB3 /* InfoPlist.strings */ = {
			isa = PBXVariantGroup;
			children = (
				863BBA01190D752D006BAFB3 /* en */,
			);
			name = InfoPlist.strings;
			sourceTree = "<group>";
		};
		863BBA09190D752D006BAFB3 /* Main.storyboard */ = {
			isa = PBXVariantGroup;
			children = (
				863BBA0A190D752D006BAFB3 /* Base */,
			);
			name = Main.storyboard;
			sourceTree = "<group>";
		};
		863BBA22190D752D006BAFB3 /* InfoPlist.strings */ = {
			isa = PBXVariantGroup;
			children = (
				863BBA23190D752D006BAFB3 /* en */,
			);
			name = InfoPlist.strings;
			sourceTree = "<group>";
		};
/* End PBXVariantGroup section */

/* Begin XCBuildConfiguration section */
		863BBA27190D752D006BAFB3 /* Debug */ = {
			isa = XCBuildConfiguration;
			buildSettings = {
				ALWAYS_SEARCH_USER_PATHS = NO;
				CLANG_CXX_LANGUAGE_STANDARD = "gnu++0x";
				CLANG_CXX_LIBRARY = "libc++";
				CLANG_ENABLE_MODULES = YES;
				CLANG_ENABLE_OBJC_ARC = YES;
				CLANG_WARN_BOOL_CONVERSION = YES;
				CLANG_WARN_CONSTANT_CONVERSION = YES;
				CLANG_WARN_DIRECT_OBJC_ISA_USAGE = YES_ERROR;
				CLANG_WARN_EMPTY_BODY = YES;
				CLANG_WARN_ENUM_CONVERSION = YES;
				CLANG_WARN_INT_CONVERSION = YES;
				CLANG_WARN_OBJC_ROOT_CLASS = YES_ERROR;
				CLANG_WARN__DUPLICATE_METHOD_MATCH = YES;
				"CODE_SIGN_IDENTITY[sdk=iphoneos*]" = "iPhone Developer";
				COPY_PHASE_STRIP = NO;
				GCC_C_LANGUAGE_STANDARD = gnu99;
				GCC_DYNAMIC_NO_PIC = NO;
				GCC_OPTIMIZATION_LEVEL = 0;
				GCC_PREPROCESSOR_DEFINITIONS = (
					"DEBUG=1",
					"$(inherited)",
				);
				GCC_SYMBOLS_PRIVATE_EXTERN = NO;
				GCC_WARN_64_TO_32_BIT_CONVERSION = YES;
				GCC_WARN_ABOUT_RETURN_TYPE = YES_ERROR;
				GCC_WARN_UNDECLARED_SELECTOR = YES;
				GCC_WARN_UNINITIALIZED_AUTOS = YES_AGGRESSIVE;
				GCC_WARN_UNUSED_FUNCTION = YES;
				GCC_WARN_UNUSED_VARIABLE = YES;
				IPHONEOS_DEPLOYMENT_TARGET = 7.1;
				ONLY_ACTIVE_ARCH = YES;
				SDKROOT = iphoneos;
			};
			name = Debug;
		};
		863BBA28190D752D006BAFB3 /* Release */ = {
			isa = XCBuildConfiguration;
			buildSettings = {
				ALWAYS_SEARCH_USER_PATHS = NO;
				CLANG_CXX_LANGUAGE_STANDARD = "gnu++0x";
				CLANG_CXX_LIBRARY = "libc++";
				CLANG_ENABLE_MODULES = YES;
				CLANG_ENABLE_OBJC_ARC = YES;
				CLANG_WARN_BOOL_CONVERSION = YES;
				CLANG_WARN_CONSTANT_CONVERSION = YES;
				CLANG_WARN_DIRECT_OBJC_ISA_USAGE = YES_ERROR;
				CLANG_WARN_EMPTY_BODY = YES;
				CLANG_WARN_ENUM_CONVERSION = YES;
				CLANG_WARN_INT_CONVERSION = YES;
				CLANG_WARN_OBJC_ROOT_CLASS = YES_ERROR;
				CLANG_WARN__DUPLICATE_METHOD_MATCH = YES;
				"CODE_SIGN_IDENTITY[sdk=iphoneos*]" = "iPhone Developer";
				COPY_PHASE_STRIP = YES;
				ENABLE_NS_ASSERTIONS = NO;
				GCC_C_LANGUAGE_STANDARD = gnu99;
				GCC_WARN_64_TO_32_BIT_CONVERSION = YES;
				GCC_WARN_ABOUT_RETURN_TYPE = YES_ERROR;
				GCC_WARN_UNDECLARED_SELECTOR = YES;
				GCC_WARN_UNINITIALIZED_AUTOS = YES_AGGRESSIVE;
				GCC_WARN_UNUSED_FUNCTION = YES;
				GCC_WARN_UNUSED_VARIABLE = YES;
				IPHONEOS_DEPLOYMENT_TARGET = 7.1;
				SDKROOT = iphoneos;
				VALIDATE_PRODUCT = YES;
			};
			name = Release;
		};
		863BBA2A190D752D006BAFB3 /* Debug */ = {
			isa = XCBuildConfiguration;
			buildSettings = {
				ASSETCATALOG_COMPILER_APPICON_NAME = AppIcon;
				ASSETCATALOG_COMPILER_LAUNCHIMAGE_NAME = LaunchImage;
				GCC_PRECOMPILE_PREFIX_HEADER = YES;
				GCC_PREFIX_HEADER = "PeckTab/PeckTab-Prefix.pch";
				INFOPLIST_FILE = "PeckTab/PeckTab-Info.plist";
				PRODUCT_NAME = "$(TARGET_NAME)";
				WRAPPER_EXTENSION = app;
			};
			name = Debug;
		};
		863BBA2B190D752D006BAFB3 /* Release */ = {
			isa = XCBuildConfiguration;
			buildSettings = {
				ASSETCATALOG_COMPILER_APPICON_NAME = AppIcon;
				ASSETCATALOG_COMPILER_LAUNCHIMAGE_NAME = LaunchImage;
				GCC_PRECOMPILE_PREFIX_HEADER = YES;
				GCC_PREFIX_HEADER = "PeckTab/PeckTab-Prefix.pch";
				INFOPLIST_FILE = "PeckTab/PeckTab-Info.plist";
				PRODUCT_NAME = "$(TARGET_NAME)";
				WRAPPER_EXTENSION = app;
			};
			name = Release;
		};
		863BBA2D190D752D006BAFB3 /* Debug */ = {
			isa = XCBuildConfiguration;
			buildSettings = {
				BUNDLE_LOADER = "$(BUILT_PRODUCTS_DIR)/PeckTab.app/PeckTab";
				FRAMEWORK_SEARCH_PATHS = (
					"$(SDKROOT)/Developer/Library/Frameworks",
					"$(inherited)",
					"$(DEVELOPER_FRAMEWORKS_DIR)",
				);
				GCC_PRECOMPILE_PREFIX_HEADER = YES;
				GCC_PREFIX_HEADER = "PeckTab/PeckTab-Prefix.pch";
				GCC_PREPROCESSOR_DEFINITIONS = (
					"DEBUG=1",
					"$(inherited)",
				);
				INFOPLIST_FILE = "PeckTabTests/PeckTabTests-Info.plist";
				PRODUCT_NAME = "$(TARGET_NAME)";
				TEST_HOST = "$(BUNDLE_LOADER)";
				WRAPPER_EXTENSION = xctest;
			};
			name = Debug;
		};
		863BBA2E190D752D006BAFB3 /* Release */ = {
			isa = XCBuildConfiguration;
			buildSettings = {
				BUNDLE_LOADER = "$(BUILT_PRODUCTS_DIR)/PeckTab.app/PeckTab";
				FRAMEWORK_SEARCH_PATHS = (
					"$(SDKROOT)/Developer/Library/Frameworks",
					"$(inherited)",
					"$(DEVELOPER_FRAMEWORKS_DIR)",
				);
				GCC_PRECOMPILE_PREFIX_HEADER = YES;
				GCC_PREFIX_HEADER = "PeckTab/PeckTab-Prefix.pch";
				INFOPLIST_FILE = "PeckTabTests/PeckTabTests-Info.plist";
				PRODUCT_NAME = "$(TARGET_NAME)";
				TEST_HOST = "$(BUNDLE_LOADER)";
				WRAPPER_EXTENSION = xctest;
			};
			name = Release;
		};
/* End XCBuildConfiguration section */

/* Begin XCConfigurationList section */
		863BB9EF190D752D006BAFB3 /* Build configuration list for PBXProject "PeckTab" */ = {
			isa = XCConfigurationList;
			buildConfigurations = (
				863BBA27190D752D006BAFB3 /* Debug */,
				863BBA28190D752D006BAFB3 /* Release */,
			);
			defaultConfigurationIsVisible = 0;
			defaultConfigurationName = Release;
		};
		863BBA29190D752D006BAFB3 /* Build configuration list for PBXNativeTarget "PeckTab" */ = {
			isa = XCConfigurationList;
			buildConfigurations = (
				863BBA2A190D752D006BAFB3 /* Debug */,
				863BBA2B190D752D006BAFB3 /* Release */,
			);
			defaultConfigurationIsVisible = 0;
		};
		863BBA2C190D752D006BAFB3 /* Build configuration list for PBXNativeTarget "PeckTabTests" */ = {
			isa = XCConfigurationList;
			buildConfigurations = (
				863BBA2D190D752D006BAFB3 /* Debug */,
				863BBA2E190D752D006BAFB3 /* Release */,
			);
			defaultConfigurationIsVisible = 0;
		};
/* End XCConfigurationList section */
	};
	rootObject = 863BB9EC190D752D006BAFB3 /* Project object */;
}
