// !$*UTF8*$!
{
	archiveVersion = 1;
	classes = {
	};
	objectVersion = 46;
	objects = {

/* Begin PBXBuildFile section */
		2F8437B31B484BB9AE514283 /* libPods.a in Frameworks */ = {isa = PBXBuildFile; fileRef = 8B3B78A9BF0E4A57862953C7 /* libPods.a */; };
		8610864018D0994B0059AA7F /* LoginStoryboard.storyboard in Resources */ = {isa = PBXBuildFile; fileRef = 8610863F18D0994B0059AA7F /* LoginStoryboard.storyboard */; };
		8610864C18D0AB520059AA7F /* PeckTutorialContentViewController.m in Sources */ = {isa = PBXBuildFile; fileRef = 8610864B18D0AB520059AA7F /* PeckTutorialContentViewController.m */; };
		86146C3418C9737500C06873 /* PeckNotificationsViewController.m in Sources */ = {isa = PBXBuildFile; fileRef = 86146C3318C9737500C06873 /* PeckNotificationsViewController.m */; };
		86146C3718C973C900C06873 /* PeckCirclesViewController.m in Sources */ = {isa = PBXBuildFile; fileRef = 86146C3618C973C900C06873 /* PeckCirclesViewController.m */; };
		8631B48D18D0AE7200A21E81 /* PeckTutorialViewController.m in Sources */ = {isa = PBXBuildFile; fileRef = 8631B48C18D0AE7200A21E81 /* PeckTutorialViewController.m */; };
		8631B49018D13C7300A21E81 /* PeckLoadingViewController.m in Sources */ = {isa = PBXBuildFile; fileRef = 8631B48F18D13C7300A21E81 /* PeckLoadingViewController.m */; };
		8631D9E018D554F300F86E20 /* PeckLoginViewController.m in Sources */ = {isa = PBXBuildFile; fileRef = 8631D9DF18D554F300F86E20 /* PeckLoginViewController.m */; };
		8631D9E318D5550900F86E20 /* PeckRegisterViewController.m in Sources */ = {isa = PBXBuildFile; fileRef = 8631D9E218D5550900F86E20 /* PeckRegisterViewController.m */; };
		8632F3AB18C956CF005ACAA6 /* PeckInitialViewController.m in Sources */ = {isa = PBXBuildFile; fileRef = 8632F3AA18C956CF005ACAA6 /* PeckInitialViewController.m */; };
		8632F3B218C9686F005ACAA6 /* sidebar_background.jpg in Resources */ = {isa = PBXBuildFile; fileRef = 8632F3B118C9686F005ACAA6 /* sidebar_background.jpg */; };
		8633F02218DA6ECF00D16BF5 /* PeckLoadCell.m in Sources */ = {isa = PBXBuildFile; fileRef = 8633F02118DA6ECF00D16BF5 /* PeckLoadCell.m */; };
		8633F02418DA6EDB00D16BF5 /* PeckLoadCell.xib in Resources */ = {isa = PBXBuildFile; fileRef = 8633F02318DA6EDB00D16BF5 /* PeckLoadCell.xib */; };
		8633F02718DA753A00D16BF5 /* WilliamsConfig.plist in Resources */ = {isa = PBXBuildFile; fileRef = 8633F02618DA753A00D16BF5 /* WilliamsConfig.plist */; };
		8687DC8018C82EB200DE97CB /* 114_114.png in Resources */ = {isa = PBXBuildFile; fileRef = 8687DC3918C82EB200DE97CB /* 114_114.png */; };
		8687DC8118C82EB200DE97CB /* 3-line.png in Resources */ = {isa = PBXBuildFile; fileRef = 8687DC3A18C82EB200DE97CB /* 3-line.png */; };
		8687DC8218C82EB200DE97CB /* 57_57.png in Resources */ = {isa = PBXBuildFile; fileRef = 8687DC3B18C82EB200DE97CB /* 57_57.png */; };
		8687DC8318C82EB200DE97CB /* activity.png in Resources */ = {isa = PBXBuildFile; fileRef = 8687DC3C18C82EB200DE97CB /* activity.png */; };
		8687DC8418C82EB200DE97CB /* activity_listing.png in Resources */ = {isa = PBXBuildFile; fileRef = 8687DC3D18C82EB200DE97CB /* activity_listing.png */; };
		8687DC8518C82EB200DE97CB /* AddMembers.png in Resources */ = {isa = PBXBuildFile; fileRef = 8687DC3E18C82EB200DE97CB /* AddMembers.png */; };
		8687DC8618C82EB200DE97CB /* after-hours.png in Resources */ = {isa = PBXBuildFile; fileRef = 8687DC3F18C82EB200DE97CB /* after-hours.png */; };
		8687DC8718C82EB200DE97CB /* after_hours.png in Resources */ = {isa = PBXBuildFile; fileRef = 8687DC4018C82EB200DE97CB /* after_hours.png */; };
		8687DC8818C82EB200DE97CB /* after_hours_listing.png in Resources */ = {isa = PBXBuildFile; fileRef = 8687DC4118C82EB200DE97CB /* after_hours_listing.png */; };
		8687DC8918C82EB200DE97CB /* athleticsnew.png in Resources */ = {isa = PBXBuildFile; fileRef = 8687DC4218C82EB200DE97CB /* athleticsnew.png */; };
		8687DC8A18C82EB200DE97CB /* backButton.png in Resources */ = {isa = PBXBuildFile; fileRef = 8687DC4318C82EB200DE97CB /* backButton.png */; };
		8687DC8B18C82EB200DE97CB /* bg_image.png in Resources */ = {isa = PBXBuildFile; fileRef = 8687DC4418C82EB200DE97CB /* bg_image.png */; };
		8687DC8C18C82EB200DE97CB /* breakfast.png in Resources */ = {isa = PBXBuildFile; fileRef = 8687DC4518C82EB200DE97CB /* breakfast.png */; };
		8687DC8D18C82EB200DE97CB /* call.png in Resources */ = {isa = PBXBuildFile; fileRef = 8687DC4618C82EB200DE97CB /* call.png */; };
		8687DC8E18C82EB200DE97CB /* camera.png in Resources */ = {isa = PBXBuildFile; fileRef = 8687DC4718C82EB200DE97CB /* camera.png */; };
		8687DC8F18C82EB200DE97CB /* campus_evnt.png in Resources */ = {isa = PBXBuildFile; fileRef = 8687DC4818C82EB200DE97CB /* campus_evnt.png */; };
		8687DC9018C82EB200DE97CB /* CancelButton.png in Resources */ = {isa = PBXBuildFile; fileRef = 8687DC4918C82EB200DE97CB /* CancelButton.png */; };
		8687DC9118C82EB200DE97CB /* chat.png in Resources */ = {isa = PBXBuildFile; fileRef = 8687DC4A18C82EB200DE97CB /* chat.png */; };
		8687DC9218C82EB200DE97CB /* check1.png in Resources */ = {isa = PBXBuildFile; fileRef = 8687DC4B18C82EB200DE97CB /* check1.png */; };
		8687DC9318C82EB200DE97CB /* circles.png in Resources */ = {isa = PBXBuildFile; fileRef = 8687DC4C18C82EB200DE97CB /* circles.png */; };
		8687DC9418C82EB200DE97CB /* circles1.png in Resources */ = {isa = PBXBuildFile; fileRef = 8687DC4D18C82EB200DE97CB /* circles1.png */; };
		8687DC9518C82EB200DE97CB /* delete.png in Resources */ = {isa = PBXBuildFile; fileRef = 8687DC4E18C82EB200DE97CB /* delete.png */; };
		8687DC9618C82EB200DE97CB /* DeleteButton.png in Resources */ = {isa = PBXBuildFile; fileRef = 8687DC4F18C82EB200DE97CB /* DeleteButton.png */; };
		8687DC9718C82EB200DE97CB /* dining.png in Resources */ = {isa = PBXBuildFile; fileRef = 8687DC5018C82EB200DE97CB /* dining.png */; };
		8687DC9818C82EB200DE97CB /* Dinner.png in Resources */ = {isa = PBXBuildFile; fileRef = 8687DC5118C82EB200DE97CB /* Dinner.png */; };
		8687DC9918C82EB200DE97CB /* done.png in Resources */ = {isa = PBXBuildFile; fileRef = 8687DC5218C82EB200DE97CB /* done.png */; };
		8687DC9A18C82EB200DE97CB /* EditEvent.png in Resources */ = {isa = PBXBuildFile; fileRef = 8687DC5318C82EB200DE97CB /* EditEvent.png */; };
		8687DC9B18C82EB200DE97CB /* facebook.png in Resources */ = {isa = PBXBuildFile; fileRef = 8687DC5418C82EB200DE97CB /* facebook.png */; };
		8687DC9C18C82EB200DE97CB /* fbsignup.png in Resources */ = {isa = PBXBuildFile; fileRef = 8687DC5518C82EB200DE97CB /* fbsignup.png */; };
		8687DC9D18C82EB200DE97CB /* Feedback.png in Resources */ = {isa = PBXBuildFile; fileRef = 8687DC5618C82EB200DE97CB /* Feedback.png */; };
		8687DC9E18C82EB200DE97CB /* folder.png in Resources */ = {isa = PBXBuildFile; fileRef = 8687DC5718C82EB200DE97CB /* folder.png */; };
		8687DC9F18C82EB200DE97CB /* friends.png in Resources */ = {isa = PBXBuildFile; fileRef = 8687DC5818C82EB200DE97CB /* friends.png */; };
		8687DCA018C82EB200DE97CB /* help.png in Resources */ = {isa = PBXBuildFile; fileRef = 8687DC5918C82EB200DE97CB /* help.png */; };
		8687DCA118C82EB200DE97CB /* home.png in Resources */ = {isa = PBXBuildFile; fileRef = 8687DC5A18C82EB200DE97CB /* home.png */; };
		8687DCA218C82EB200DE97CB /* homenew.png in Resources */ = {isa = PBXBuildFile; fileRef = 8687DC5B18C82EB200DE97CB /* homenew.png */; };
		8687DCA318C82EB200DE97CB /* Late Night.png in Resources */ = {isa = PBXBuildFile; fileRef = 8687DC5C18C82EB200DE97CB /* Late Night.png */; };
		8687DCA418C82EB200DE97CB /* location.png in Resources */ = {isa = PBXBuildFile; fileRef = 8687DC5D18C82EB200DE97CB /* location.png */; };
		8687DCA518C82EB200DE97CB /* Logo.png in Resources */ = {isa = PBXBuildFile; fileRef = 8687DC5E18C82EB200DE97CB /* Logo.png */; };
		8687DCA618C82EB200DE97CB /* Logo1.png in Resources */ = {isa = PBXBuildFile; fileRef = 8687DC5F18C82EB200DE97CB /* Logo1.png */; };
		8687DCA718C82EB200DE97CB /* Lunch.png in Resources */ = {isa = PBXBuildFile; fileRef = 8687DC6018C82EB200DE97CB /* Lunch.png */; };
		8687DCA818C82EB200DE97CB /* mail.png in Resources */ = {isa = PBXBuildFile; fileRef = 8687DC6118C82EB200DE97CB /* mail.png */; };
		8687DCA918C82EB200DE97CB /* Media.png in Resources */ = {isa = PBXBuildFile; fileRef = 8687DC6218C82EB200DE97CB /* Media.png */; };
		8687DCAA18C82EB200DE97CB /* my_horizon.png in Resources */ = {isa = PBXBuildFile; fileRef = 8687DC6318C82EB200DE97CB /* my_horizon.png */; };
		8687DCAB18C82EB200DE97CB /* my_horizon_listing.png in Resources */ = {isa = PBXBuildFile; fileRef = 8687DC6418C82EB200DE97CB /* my_horizon_listing.png */; };
		8687DCAC18C82EB200DE97CB /* nocomment.png in Resources */ = {isa = PBXBuildFile; fileRef = 8687DC6518C82EB200DE97CB /* nocomment.png */; };
		8687DCAD18C82EB200DE97CB /* noimage.png in Resources */ = {isa = PBXBuildFile; fileRef = 8687DC6618C82EB200DE97CB /* noimage.png */; };
		8687DCAE18C82EB200DE97CB /* pencil.png in Resources */ = {isa = PBXBuildFile; fileRef = 8687DC6718C82EB200DE97CB /* pencil.png */; };
		8687DCAF18C82EB200DE97CB /* person.png in Resources */ = {isa = PBXBuildFile; fileRef = 8687DC6818C82EB200DE97CB /* person.png */; };
		8687DCB018C82EB200DE97CB /* plus.png in Resources */ = {isa = PBXBuildFile; fileRef = 8687DC6918C82EB200DE97CB /* plus.png */; };
		8687DCB118C82EB200DE97CB /* rightArrow.png in Resources */ = {isa = PBXBuildFile; fileRef = 8687DC6A18C82EB200DE97CB /* rightArrow.png */; };
		8687DCB218C82EB200DE97CB /* searchGrey.png in Resources */ = {isa = PBXBuildFile; fileRef = 8687DC6B18C82EB200DE97CB /* searchGrey.png */; };
		8687DCB318C82EB200DE97CB /* searchWhite.png in Resources */ = {isa = PBXBuildFile; fileRef = 8687DC6C18C82EB200DE97CB /* searchWhite.png */; };
		8687DCB418C82EB200DE97CB /* 1.png in Resources */ = {isa = PBXBuildFile; fileRef = 8687DC6E18C82EB200DE97CB /* 1.png */; };
		8687DCB518C82EB200DE97CB /* 2.png in Resources */ = {isa = PBXBuildFile; fileRef = 8687DC6F18C82EB200DE97CB /* 2.png */; };
		8687DCB618C82EB200DE97CB /* 3.png in Resources */ = {isa = PBXBuildFile; fileRef = 8687DC7018C82EB200DE97CB /* 3.png */; };
		8687DCB718C82EB200DE97CB /* 4.png in Resources */ = {isa = PBXBuildFile; fileRef = 8687DC7118C82EB200DE97CB /* 4.png */; };
		8687DCB818C82EB200DE97CB /* 5.png in Resources */ = {isa = PBXBuildFile; fileRef = 8687DC7218C82EB200DE97CB /* 5.png */; };
		8687DCB918C82EB200DE97CB /* 6.png in Resources */ = {isa = PBXBuildFile; fileRef = 8687DC7318C82EB200DE97CB /* 6.png */; };
		8687DCBA18C82EB200DE97CB /* bg_img.png in Resources */ = {isa = PBXBuildFile; fileRef = 8687DC7418C82EB200DE97CB /* bg_img.png */; };
		8687DCBD18C82EB200DE97CB /* setting.png in Resources */ = {isa = PBXBuildFile; fileRef = 8687DC7718C82EB200DE97CB /* setting.png */; };
		8687DCBE18C82EB200DE97CB /* share.png in Resources */ = {isa = PBXBuildFile; fileRef = 8687DC7818C82EB200DE97CB /* share.png */; };
		8687DCBF18C82EB200DE97CB /* ShareButton.png in Resources */ = {isa = PBXBuildFile; fileRef = 8687DC7918C82EB200DE97CB /* ShareButton.png */; };
		8687DCC018C82EB200DE97CB /* tick.png in Resources */ = {isa = PBXBuildFile; fileRef = 8687DC7A18C82EB200DE97CB /* tick.png */; };
		8687DCC118C82EB200DE97CB /* timebright.png in Resources */ = {isa = PBXBuildFile; fileRef = 8687DC7B18C82EB200DE97CB /* timebright.png */; };
		8687DCC218C82EB200DE97CB /* timenew.png in Resources */ = {isa = PBXBuildFile; fileRef = 8687DC7C18C82EB200DE97CB /* timenew.png */; };
		8687DCC318C82EB200DE97CB /* twitter.png in Resources */ = {isa = PBXBuildFile; fileRef = 8687DC7D18C82EB200DE97CB /* twitter.png */; };
		8687DCC418C82EB200DE97CB /* uncheck.png in Resources */ = {isa = PBXBuildFile; fileRef = 8687DC7E18C82EB200DE97CB /* uncheck.png */; };
		8687DCC518C82EB200DE97CB /* w.png in Resources */ = {isa = PBXBuildFile; fileRef = 8687DC7F18C82EB200DE97CB /* w.png */; };
		86907BEE18D5583400079FD5 /* PeckEventCell.m in Sources */ = {isa = PBXBuildFile; fileRef = 86907BED18D5583400079FD5 /* PeckEventCell.m */; };
		86907BF718D771B000079FD5 /* PeckEventCell.xib in Resources */ = {isa = PBXBuildFile; fileRef = 86907BF618D771B000079FD5 /* PeckEventCell.xib */; };
		86907BF918D9F81300079FD5 /* QuartzCore.framework in Frameworks */ = {isa = PBXBuildFile; fileRef = 86907BF818D9F81300079FD5 /* QuartzCore.framework */; };
		86907C5318DA1C5400079FD5 /* clouds.jpg in Resources */ = {isa = PBXBuildFile; fileRef = 86907C4F18DA1C5400079FD5 /* clouds.jpg */; };
		86907C5418DA1C5400079FD5 /* pink.jpg in Resources */ = {isa = PBXBuildFile; fileRef = 86907C5018DA1C5400079FD5 /* pink.jpg */; };
		86907C5518DA1C5400079FD5 /* stone.jpg in Resources */ = {isa = PBXBuildFile; fileRef = 86907C5118DA1C5400079FD5 /* stone.jpg */; };
		86907C5618DA1C5400079FD5 /* tree.jpg in Resources */ = {isa = PBXBuildFile; fileRef = 86907C5218DA1C5400079FD5 /* tree.jpg */; };
		86ACA03B18C9744000051FC2 /* PeckFeedbackViewController.m in Sources */ = {isa = PBXBuildFile; fileRef = 86ACA03A18C9744000051FC2 /* PeckFeedbackViewController.m */; };
		86ACA03E18C9744F00051FC2 /* PeckSettingsViewController.m in Sources */ = {isa = PBXBuildFile; fileRef = 86ACA03D18C9744E00051FC2 /* PeckSettingsViewController.m */; };
		86BD1B8018C9727400105DE7 /* PeckDiningMenusViewController.m in Sources */ = {isa = PBXBuildFile; fileRef = 86BD1B7F18C9727400105DE7 /* PeckDiningMenusViewController.m */; };
		86E155AE18C7867900A97423 /* Foundation.framework in Frameworks */ = {isa = PBXBuildFile; fileRef = 86E155AD18C7867900A97423 /* Foundation.framework */; };
		86E155B018C7867900A97423 /* CoreGraphics.framework in Frameworks */ = {isa = PBXBuildFile; fileRef = 86E155AF18C7867900A97423 /* CoreGraphics.framework */; };
		86E155B218C7867900A97423 /* UIKit.framework in Frameworks */ = {isa = PBXBuildFile; fileRef = 86E155B118C7867900A97423 /* UIKit.framework */; };
		86E155B418C7867900A97423 /* CoreData.framework in Frameworks */ = {isa = PBXBuildFile; fileRef = 86E155B318C7867900A97423 /* CoreData.framework */; };
		86E155BA18C7867900A97423 /* InfoPlist.strings in Resources */ = {isa = PBXBuildFile; fileRef = 86E155B818C7867900A97423 /* InfoPlist.strings */; };
		86E155BC18C7867900A97423 /* main.m in Sources */ = {isa = PBXBuildFile; fileRef = 86E155BB18C7867900A97423 /* main.m */; };
		86E155C018C7867900A97423 /* PeckAppDelegate.m in Sources */ = {isa = PBXBuildFile; fileRef = 86E155BF18C7867900A97423 /* PeckAppDelegate.m */; };
		86E155C318C7867900A97423 /* PeckApp.xcdatamodeld in Sources */ = {isa = PBXBuildFile; fileRef = 86E155C118C7867900A97423 /* PeckApp.xcdatamodeld */; };
		86E155C518C7867900A97423 /* Images.xcassets in Resources */ = {isa = PBXBuildFile; fileRef = 86E155C418C7867900A97423 /* Images.xcassets */; };
		86E155CC18C7867900A97423 /* XCTest.framework in Frameworks */ = {isa = PBXBuildFile; fileRef = 86E155CB18C7867900A97423 /* XCTest.framework */; };
		86E155CD18C7867900A97423 /* Foundation.framework in Frameworks */ = {isa = PBXBuildFile; fileRef = 86E155AD18C7867900A97423 /* Foundation.framework */; };
		86E155CE18C7867900A97423 /* UIKit.framework in Frameworks */ = {isa = PBXBuildFile; fileRef = 86E155B118C7867900A97423 /* UIKit.framework */; };
		86E155CF18C7867900A97423 /* CoreData.framework in Frameworks */ = {isa = PBXBuildFile; fileRef = 86E155B318C7867900A97423 /* CoreData.framework */; };
		86E155D718C7867900A97423 /* InfoPlist.strings in Resources */ = {isa = PBXBuildFile; fileRef = 86E155D518C7867900A97423 /* InfoPlist.strings */; };
		86E155D918C7867900A97423 /* PeckAppTests.m in Sources */ = {isa = PBXBuildFile; fileRef = 86E155D818C7867900A97423 /* PeckAppTests.m */; };
		86E155E318C786A400A97423 /* MainStoryboard.storyboard in Resources */ = {isa = PBXBuildFile; fileRef = 86E155E218C786A400A97423 /* MainStoryboard.storyboard */; };
		86E155EA18C786DE00A97423 /* PeckSidebarViewController.m in Sources */ = {isa = PBXBuildFile; fileRef = 86E155E918C786DE00A97423 /* PeckSidebarViewController.m */; };
		86E155ED18C787C300A97423 /* PeckEventsViewController.m in Sources */ = {isa = PBXBuildFile; fileRef = 86E155EC18C787C300A97423 /* PeckEventsViewController.m */; };
		86E155F018C7B23C00A97423 /* PeckEventInfoViewController.m in Sources */ = {isa = PBXBuildFile; fileRef = 86E155EF18C7B23C00A97423 /* PeckEventInfoViewController.m */; };
		86E155F218C7F0E000A97423 /* MainStoryboard-ipad.storyboard in Resources */ = {isa = PBXBuildFile; fileRef = 86E155F118C7F0E000A97423 /* MainStoryboard-ipad.storyboard */; };
		86E155F818C82B4E00A97423 /* Lato-Bla.ttf in Resources */ = {isa = PBXBuildFile; fileRef = 86E155F418C82B4E00A97423 /* Lato-Bla.ttf */; };
		86E155F918C82B4E00A97423 /* Lato-Hai.ttf in Resources */ = {isa = PBXBuildFile; fileRef = 86E155F518C82B4E00A97423 /* Lato-Hai.ttf */; };
		86E155FA18C82B4E00A97423 /* Lato-Lig.ttf in Resources */ = {isa = PBXBuildFile; fileRef = 86E155F618C82B4E00A97423 /* Lato-Lig.ttf */; };
		86E155FB18C82B4E00A97423 /* Lato-Reg.ttf in Resources */ = {isa = PBXBuildFile; fileRef = 86E155F718C82B4E00A97423 /* Lato-Reg.ttf */; };
		86EF9CE218EA4CA30037B168 /* README.rtf in Resources */ = {isa = PBXBuildFile; fileRef = 86EF9CE118EA4CA30037B168 /* README.rtf */; };
		86F5C37518DFA69600ADE6E9 /* PeckLoginStoryboardLink.m in Sources */ = {isa = PBXBuildFile; fileRef = 86F5C37418DFA69600ADE6E9 /* PeckLoginStoryboardLink.m */; };
/* End PBXBuildFile section */

/* Begin PBXContainerItemProxy section */
		86E155D018C7867900A97423 /* PBXContainerItemProxy */ = {
			isa = PBXContainerItemProxy;
			containerPortal = 86E155A218C7867900A97423 /* Project object */;
			proxyType = 1;
			remoteGlobalIDString = 86E155A918C7867900A97423;
			remoteInfo = "Peck App";
		};
/* End PBXContainerItemProxy section */

/* Begin PBXFileReference section */
		8610863F18D0994B0059AA7F /* LoginStoryboard.storyboard */ = {isa = PBXFileReference; fileEncoding = 4; lastKnownFileType = file.storyboard; path = LoginStoryboard.storyboard; sourceTree = "<group>"; };
		8610864A18D0AB520059AA7F /* PeckTutorialContentViewController.h */ = {isa = PBXFileReference; fileEncoding = 4; lastKnownFileType = sourcecode.c.h; path = PeckTutorialContentViewController.h; sourceTree = "<group>"; };
		8610864B18D0AB520059AA7F /* PeckTutorialContentViewController.m */ = {isa = PBXFileReference; fileEncoding = 4; lastKnownFileType = sourcecode.c.objc; path = PeckTutorialContentViewController.m; sourceTree = "<group>"; };
		86146C3218C9737500C06873 /* PeckNotificationsViewController.h */ = {isa = PBXFileReference; fileEncoding = 4; lastKnownFileType = sourcecode.c.h; path = PeckNotificationsViewController.h; sourceTree = "<group>"; };
		86146C3318C9737500C06873 /* PeckNotificationsViewController.m */ = {isa = PBXFileReference; fileEncoding = 4; lastKnownFileType = sourcecode.c.objc; path = PeckNotificationsViewController.m; sourceTree = "<group>"; };
		86146C3518C973C900C06873 /* PeckCirclesViewController.h */ = {isa = PBXFileReference; fileEncoding = 4; lastKnownFileType = sourcecode.c.h; path = PeckCirclesViewController.h; sourceTree = "<group>"; };
		86146C3618C973C900C06873 /* PeckCirclesViewController.m */ = {isa = PBXFileReference; fileEncoding = 4; lastKnownFileType = sourcecode.c.objc; path = PeckCirclesViewController.m; sourceTree = "<group>"; };
		8631B48B18D0AE7200A21E81 /* PeckTutorialViewController.h */ = {isa = PBXFileReference; fileEncoding = 4; lastKnownFileType = sourcecode.c.h; path = PeckTutorialViewController.h; sourceTree = "<group>"; };
		8631B48C18D0AE7200A21E81 /* PeckTutorialViewController.m */ = {isa = PBXFileReference; fileEncoding = 4; lastKnownFileType = sourcecode.c.objc; path = PeckTutorialViewController.m; sourceTree = "<group>"; };
		8631B48E18D13C7300A21E81 /* PeckLoadingViewController.h */ = {isa = PBXFileReference; fileEncoding = 4; lastKnownFileType = sourcecode.c.h; path = PeckLoadingViewController.h; sourceTree = "<group>"; };
		8631B48F18D13C7300A21E81 /* PeckLoadingViewController.m */ = {isa = PBXFileReference; fileEncoding = 4; lastKnownFileType = sourcecode.c.objc; path = PeckLoadingViewController.m; sourceTree = "<group>"; };
		8631D9DE18D554F300F86E20 /* PeckLoginViewController.h */ = {isa = PBXFileReference; fileEncoding = 4; lastKnownFileType = sourcecode.c.h; path = PeckLoginViewController.h; sourceTree = "<group>"; };
		8631D9DF18D554F300F86E20 /* PeckLoginViewController.m */ = {isa = PBXFileReference; fileEncoding = 4; lastKnownFileType = sourcecode.c.objc; path = PeckLoginViewController.m; sourceTree = "<group>"; };
		8631D9E118D5550900F86E20 /* PeckRegisterViewController.h */ = {isa = PBXFileReference; fileEncoding = 4; lastKnownFileType = sourcecode.c.h; path = PeckRegisterViewController.h; sourceTree = "<group>"; };
		8631D9E218D5550900F86E20 /* PeckRegisterViewController.m */ = {isa = PBXFileReference; fileEncoding = 4; lastKnownFileType = sourcecode.c.objc; path = PeckRegisterViewController.m; sourceTree = "<group>"; };
		8632F3A918C956CF005ACAA6 /* PeckInitialViewController.h */ = {isa = PBXFileReference; fileEncoding = 4; lastKnownFileType = sourcecode.c.h; path = PeckInitialViewController.h; sourceTree = "<group>"; };
		8632F3AA18C956CF005ACAA6 /* PeckInitialViewController.m */ = {isa = PBXFileReference; fileEncoding = 4; lastKnownFileType = sourcecode.c.objc; path = PeckInitialViewController.m; sourceTree = "<group>"; };
		8632F3B118C9686F005ACAA6 /* sidebar_background.jpg */ = {isa = PBXFileReference; lastKnownFileType = image.jpeg; path = sidebar_background.jpg; sourceTree = "<group>"; };
		8633F02018DA6EC100D16BF5 /* PeckLoadCell.h */ = {isa = PBXFileReference; fileEncoding = 4; lastKnownFileType = sourcecode.c.h; path = PeckLoadCell.h; sourceTree = "<group>"; };
		8633F02118DA6ECF00D16BF5 /* PeckLoadCell.m */ = {isa = PBXFileReference; fileEncoding = 4; lastKnownFileType = sourcecode.c.objc; path = PeckLoadCell.m; sourceTree = "<group>"; };
		8633F02318DA6EDB00D16BF5 /* PeckLoadCell.xib */ = {isa = PBXFileReference; fileEncoding = 4; lastKnownFileType = file.xib; path = PeckLoadCell.xib; sourceTree = "<group>"; };
		8633F02618DA753A00D16BF5 /* WilliamsConfig.plist */ = {isa = PBXFileReference; fileEncoding = 4; lastKnownFileType = text.plist.xml; path = WilliamsConfig.plist; sourceTree = "<group>"; };
		8687DC3918C82EB200DE97CB /* 114_114.png */ = {isa = PBXFileReference; lastKnownFileType = image.png; path = 114_114.png; sourceTree = "<group>"; };
		8687DC3A18C82EB200DE97CB /* 3-line.png */ = {isa = PBXFileReference; lastKnownFileType = image.png; path = "3-line.png"; sourceTree = "<group>"; };
		8687DC3B18C82EB200DE97CB /* 57_57.png */ = {isa = PBXFileReference; lastKnownFileType = image.png; path = 57_57.png; sourceTree = "<group>"; };
		8687DC3C18C82EB200DE97CB /* activity.png */ = {isa = PBXFileReference; lastKnownFileType = image.png; path = activity.png; sourceTree = "<group>"; };
		8687DC3D18C82EB200DE97CB /* activity_listing.png */ = {isa = PBXFileReference; lastKnownFileType = image.png; path = activity_listing.png; sourceTree = "<group>"; };
		8687DC3E18C82EB200DE97CB /* AddMembers.png */ = {isa = PBXFileReference; lastKnownFileType = image.png; path = AddMembers.png; sourceTree = "<group>"; };
		8687DC3F18C82EB200DE97CB /* after-hours.png */ = {isa = PBXFileReference; lastKnownFileType = image.png; path = "after-hours.png"; sourceTree = "<group>"; };
		8687DC4018C82EB200DE97CB /* after_hours.png */ = {isa = PBXFileReference; lastKnownFileType = image.png; path = after_hours.png; sourceTree = "<group>"; };
		8687DC4118C82EB200DE97CB /* after_hours_listing.png */ = {isa = PBXFileReference; lastKnownFileType = image.png; path = after_hours_listing.png; sourceTree = "<group>"; };
		8687DC4218C82EB200DE97CB /* athleticsnew.png */ = {isa = PBXFileReference; lastKnownFileType = image.png; path = athleticsnew.png; sourceTree = "<group>"; };
		8687DC4318C82EB200DE97CB /* backButton.png */ = {isa = PBXFileReference; lastKnownFileType = image.png; path = backButton.png; sourceTree = "<group>"; };
		8687DC4418C82EB200DE97CB /* bg_image.png */ = {isa = PBXFileReference; lastKnownFileType = image.png; path = bg_image.png; sourceTree = "<group>"; };
		8687DC4518C82EB200DE97CB /* breakfast.png */ = {isa = PBXFileReference; lastKnownFileType = image.png; path = breakfast.png; sourceTree = "<group>"; };
		8687DC4618C82EB200DE97CB /* call.png */ = {isa = PBXFileReference; lastKnownFileType = image.png; path = call.png; sourceTree = "<group>"; };
		8687DC4718C82EB200DE97CB /* camera.png */ = {isa = PBXFileReference; lastKnownFileType = image.png; path = camera.png; sourceTree = "<group>"; };
		8687DC4818C82EB200DE97CB /* campus_evnt.png */ = {isa = PBXFileReference; lastKnownFileType = image.png; path = campus_evnt.png; sourceTree = "<group>"; };
		8687DC4918C82EB200DE97CB /* CancelButton.png */ = {isa = PBXFileReference; lastKnownFileType = image.png; path = CancelButton.png; sourceTree = "<group>"; };
		8687DC4A18C82EB200DE97CB /* chat.png */ = {isa = PBXFileReference; lastKnownFileType = image.png; path = chat.png; sourceTree = "<group>"; };
		8687DC4B18C82EB200DE97CB /* check1.png */ = {isa = PBXFileReference; lastKnownFileType = image.png; path = check1.png; sourceTree = "<group>"; };
		8687DC4C18C82EB200DE97CB /* circles.png */ = {isa = PBXFileReference; lastKnownFileType = image.png; path = circles.png; sourceTree = "<group>"; };
		8687DC4D18C82EB200DE97CB /* circles1.png */ = {isa = PBXFileReference; lastKnownFileType = image.png; path = circles1.png; sourceTree = "<group>"; };
		8687DC4E18C82EB200DE97CB /* delete.png */ = {isa = PBXFileReference; lastKnownFileType = image.png; path = delete.png; sourceTree = "<group>"; };
		8687DC4F18C82EB200DE97CB /* DeleteButton.png */ = {isa = PBXFileReference; lastKnownFileType = image.png; path = DeleteButton.png; sourceTree = "<group>"; };
		8687DC5018C82EB200DE97CB /* dining.png */ = {isa = PBXFileReference; lastKnownFileType = image.png; path = dining.png; sourceTree = "<group>"; };
		8687DC5118C82EB200DE97CB /* Dinner.png */ = {isa = PBXFileReference; lastKnownFileType = image.png; path = Dinner.png; sourceTree = "<group>"; };
		8687DC5218C82EB200DE97CB /* done.png */ = {isa = PBXFileReference; lastKnownFileType = image.png; path = done.png; sourceTree = "<group>"; };
		8687DC5318C82EB200DE97CB /* EditEvent.png */ = {isa = PBXFileReference; lastKnownFileType = image.png; path = EditEvent.png; sourceTree = "<group>"; };
		8687DC5418C82EB200DE97CB /* facebook.png */ = {isa = PBXFileReference; lastKnownFileType = image.png; path = facebook.png; sourceTree = "<group>"; };
		8687DC5518C82EB200DE97CB /* fbsignup.png */ = {isa = PBXFileReference; lastKnownFileType = image.png; path = fbsignup.png; sourceTree = "<group>"; };
		8687DC5618C82EB200DE97CB /* Feedback.png */ = {isa = PBXFileReference; lastKnownFileType = image.png; path = Feedback.png; sourceTree = "<group>"; };
		8687DC5718C82EB200DE97CB /* folder.png */ = {isa = PBXFileReference; lastKnownFileType = image.png; path = folder.png; sourceTree = "<group>"; };
		8687DC5818C82EB200DE97CB /* friends.png */ = {isa = PBXFileReference; lastKnownFileType = image.png; path = friends.png; sourceTree = "<group>"; };
		8687DC5918C82EB200DE97CB /* help.png */ = {isa = PBXFileReference; lastKnownFileType = image.png; path = help.png; sourceTree = "<group>"; };
		8687DC5A18C82EB200DE97CB /* home.png */ = {isa = PBXFileReference; lastKnownFileType = image.png; path = home.png; sourceTree = "<group>"; };
		8687DC5B18C82EB200DE97CB /* homenew.png */ = {isa = PBXFileReference; lastKnownFileType = image.png; path = homenew.png; sourceTree = "<group>"; };
		8687DC5C18C82EB200DE97CB /* Late Night.png */ = {isa = PBXFileReference; lastKnownFileType = image.png; path = "Late Night.png"; sourceTree = "<group>"; };
		8687DC5D18C82EB200DE97CB /* location.png */ = {isa = PBXFileReference; lastKnownFileType = image.png; path = location.png; sourceTree = "<group>"; };
		8687DC5E18C82EB200DE97CB /* Logo.png */ = {isa = PBXFileReference; lastKnownFileType = image.png; path = Logo.png; sourceTree = "<group>"; };
		8687DC5F18C82EB200DE97CB /* Logo1.png */ = {isa = PBXFileReference; lastKnownFileType = image.png; path = Logo1.png; sourceTree = "<group>"; };
		8687DC6018C82EB200DE97CB /* Lunch.png */ = {isa = PBXFileReference; lastKnownFileType = image.png; path = Lunch.png; sourceTree = "<group>"; };
		8687DC6118C82EB200DE97CB /* mail.png */ = {isa = PBXFileReference; lastKnownFileType = image.png; path = mail.png; sourceTree = "<group>"; };
		8687DC6218C82EB200DE97CB /* Media.png */ = {isa = PBXFileReference; lastKnownFileType = image.png; path = Media.png; sourceTree = "<group>"; };
		8687DC6318C82EB200DE97CB /* my_horizon.png */ = {isa = PBXFileReference; lastKnownFileType = image.png; path = my_horizon.png; sourceTree = "<group>"; };
		8687DC6418C82EB200DE97CB /* my_horizon_listing.png */ = {isa = PBXFileReference; lastKnownFileType = image.png; path = my_horizon_listing.png; sourceTree = "<group>"; };
		8687DC6518C82EB200DE97CB /* nocomment.png */ = {isa = PBXFileReference; lastKnownFileType = image.png; path = nocomment.png; sourceTree = "<group>"; };
		8687DC6618C82EB200DE97CB /* noimage.png */ = {isa = PBXFileReference; lastKnownFileType = image.png; path = noimage.png; sourceTree = "<group>"; };
		8687DC6718C82EB200DE97CB /* pencil.png */ = {isa = PBXFileReference; lastKnownFileType = image.png; path = pencil.png; sourceTree = "<group>"; };
		8687DC6818C82EB200DE97CB /* person.png */ = {isa = PBXFileReference; lastKnownFileType = image.png; path = person.png; sourceTree = "<group>"; };
		8687DC6918C82EB200DE97CB /* plus.png */ = {isa = PBXFileReference; lastKnownFileType = image.png; path = plus.png; sourceTree = "<group>"; };
		8687DC6A18C82EB200DE97CB /* rightArrow.png */ = {isa = PBXFileReference; lastKnownFileType = image.png; path = rightArrow.png; sourceTree = "<group>"; };
		8687DC6B18C82EB200DE97CB /* searchGrey.png */ = {isa = PBXFileReference; lastKnownFileType = image.png; path = searchGrey.png; sourceTree = "<group>"; };
		8687DC6C18C82EB200DE97CB /* searchWhite.png */ = {isa = PBXFileReference; lastKnownFileType = image.png; path = searchWhite.png; sourceTree = "<group>"; };
		8687DC6E18C82EB200DE97CB /* 1.png */ = {isa = PBXFileReference; lastKnownFileType = image.png; path = 1.png; sourceTree = "<group>"; };
		8687DC6F18C82EB200DE97CB /* 2.png */ = {isa = PBXFileReference; lastKnownFileType = image.png; path = 2.png; sourceTree = "<group>"; };
		8687DC7018C82EB200DE97CB /* 3.png */ = {isa = PBXFileReference; lastKnownFileType = image.png; path = 3.png; sourceTree = "<group>"; };
		8687DC7118C82EB200DE97CB /* 4.png */ = {isa = PBXFileReference; lastKnownFileType = image.png; path = 4.png; sourceTree = "<group>"; };
		8687DC7218C82EB200DE97CB /* 5.png */ = {isa = PBXFileReference; lastKnownFileType = image.png; path = 5.png; sourceTree = "<group>"; };
		8687DC7318C82EB200DE97CB /* 6.png */ = {isa = PBXFileReference; lastKnownFileType = image.png; path = 6.png; sourceTree = "<group>"; };
		8687DC7418C82EB200DE97CB /* bg_img.png */ = {isa = PBXFileReference; lastKnownFileType = image.png; path = bg_img.png; sourceTree = "<group>"; };
		8687DC7518C82EB200DE97CB /* folder.png */ = {isa = PBXFileReference; lastKnownFileType = image.png; path = folder.png; sourceTree = "<group>"; };
		8687DC7618C82EB200DE97CB /* home.png */ = {isa = PBXFileReference; lastKnownFileType = image.png; path = home.png; sourceTree = "<group>"; };
		8687DC7718C82EB200DE97CB /* setting.png */ = {isa = PBXFileReference; lastKnownFileType = image.png; path = setting.png; sourceTree = "<group>"; };
		8687DC7818C82EB200DE97CB /* share.png */ = {isa = PBXFileReference; lastKnownFileType = image.png; path = share.png; sourceTree = "<group>"; };
		8687DC7918C82EB200DE97CB /* ShareButton.png */ = {isa = PBXFileReference; lastKnownFileType = image.png; path = ShareButton.png; sourceTree = "<group>"; };
		8687DC7A18C82EB200DE97CB /* tick.png */ = {isa = PBXFileReference; lastKnownFileType = image.png; path = tick.png; sourceTree = "<group>"; };
		8687DC7B18C82EB200DE97CB /* timebright.png */ = {isa = PBXFileReference; lastKnownFileType = image.png; path = timebright.png; sourceTree = "<group>"; };
		8687DC7C18C82EB200DE97CB /* timenew.png */ = {isa = PBXFileReference; lastKnownFileType = image.png; path = timenew.png; sourceTree = "<group>"; };
		8687DC7D18C82EB200DE97CB /* twitter.png */ = {isa = PBXFileReference; lastKnownFileType = image.png; path = twitter.png; sourceTree = "<group>"; };
		8687DC7E18C82EB200DE97CB /* uncheck.png */ = {isa = PBXFileReference; lastKnownFileType = image.png; path = uncheck.png; sourceTree = "<group>"; };
		8687DC7F18C82EB200DE97CB /* w.png */ = {isa = PBXFileReference; lastKnownFileType = image.png; path = w.png; sourceTree = "<group>"; };
		86907BEC18D5583400079FD5 /* PeckEventCell.h */ = {isa = PBXFileReference; fileEncoding = 4; lastKnownFileType = sourcecode.c.h; path = PeckEventCell.h; sourceTree = "<group>"; };
		86907BED18D5583400079FD5 /* PeckEventCell.m */ = {isa = PBXFileReference; fileEncoding = 4; lastKnownFileType = sourcecode.c.objc; path = PeckEventCell.m; sourceTree = "<group>"; };
		86907BF618D771B000079FD5 /* PeckEventCell.xib */ = {isa = PBXFileReference; fileEncoding = 4; lastKnownFileType = file.xib; path = PeckEventCell.xib; sourceTree = "<group>"; };
		86907BF818D9F81300079FD5 /* QuartzCore.framework */ = {isa = PBXFileReference; lastKnownFileType = wrapper.framework; name = QuartzCore.framework; path = System/Library/Frameworks/QuartzCore.framework; sourceTree = SDKROOT; };
		86907C4F18DA1C5400079FD5 /* clouds.jpg */ = {isa = PBXFileReference; lastKnownFileType = image.jpeg; name = clouds.jpg; path = "../../../../../Dropbox/HungryEph/Graphics/test media/iPhone images/clouds.jpg"; sourceTree = "<group>"; };
		86907C5018DA1C5400079FD5 /* pink.jpg */ = {isa = PBXFileReference; lastKnownFileType = image.jpeg; name = pink.jpg; path = "../../../../../Dropbox/HungryEph/Graphics/test media/iPhone images/pink.jpg"; sourceTree = "<group>"; };
		86907C5118DA1C5400079FD5 /* stone.jpg */ = {isa = PBXFileReference; lastKnownFileType = image.jpeg; name = stone.jpg; path = "../../../../../Dropbox/HungryEph/Graphics/test media/iPhone images/stone.jpg"; sourceTree = "<group>"; };
		86907C5218DA1C5400079FD5 /* tree.jpg */ = {isa = PBXFileReference; lastKnownFileType = image.jpeg; name = tree.jpg; path = "../../../../../Dropbox/HungryEph/Graphics/test media/iPhone images/tree.jpg"; sourceTree = "<group>"; };
		86ACA03918C9744000051FC2 /* PeckFeedbackViewController.h */ = {isa = PBXFileReference; fileEncoding = 4; lastKnownFileType = sourcecode.c.h; path = PeckFeedbackViewController.h; sourceTree = "<group>"; };
		86ACA03A18C9744000051FC2 /* PeckFeedbackViewController.m */ = {isa = PBXFileReference; fileEncoding = 4; lastKnownFileType = sourcecode.c.objc; path = PeckFeedbackViewController.m; sourceTree = "<group>"; };
		86ACA03C18C9744E00051FC2 /* PeckSettingsViewController.h */ = {isa = PBXFileReference; fileEncoding = 4; lastKnownFileType = sourcecode.c.h; path = PeckSettingsViewController.h; sourceTree = "<group>"; };
		86ACA03D18C9744E00051FC2 /* PeckSettingsViewController.m */ = {isa = PBXFileReference; fileEncoding = 4; lastKnownFileType = sourcecode.c.objc; path = PeckSettingsViewController.m; sourceTree = "<group>"; };
		86BD1B7E18C9727400105DE7 /* PeckDiningMenusViewController.h */ = {isa = PBXFileReference; fileEncoding = 4; lastKnownFileType = sourcecode.c.h; path = PeckDiningMenusViewController.h; sourceTree = "<group>"; };
		86BD1B7F18C9727400105DE7 /* PeckDiningMenusViewController.m */ = {isa = PBXFileReference; fileEncoding = 4; lastKnownFileType = sourcecode.c.objc; path = PeckDiningMenusViewController.m; sourceTree = "<group>"; };
		86E155AA18C7867900A97423 /* PeckDev.app */ = {isa = PBXFileReference; explicitFileType = wrapper.application; includeInIndex = 0; path = PeckDev.app; sourceTree = BUILT_PRODUCTS_DIR; };
		86E155AD18C7867900A97423 /* Foundation.framework */ = {isa = PBXFileReference; lastKnownFileType = wrapper.framework; name = Foundation.framework; path = System/Library/Frameworks/Foundation.framework; sourceTree = SDKROOT; };
		86E155AF18C7867900A97423 /* CoreGraphics.framework */ = {isa = PBXFileReference; lastKnownFileType = wrapper.framework; name = CoreGraphics.framework; path = System/Library/Frameworks/CoreGraphics.framework; sourceTree = SDKROOT; };
		86E155B118C7867900A97423 /* UIKit.framework */ = {isa = PBXFileReference; lastKnownFileType = wrapper.framework; name = UIKit.framework; path = System/Library/Frameworks/UIKit.framework; sourceTree = SDKROOT; };
		86E155B318C7867900A97423 /* CoreData.framework */ = {isa = PBXFileReference; lastKnownFileType = wrapper.framework; name = CoreData.framework; path = System/Library/Frameworks/CoreData.framework; sourceTree = SDKROOT; };
		86E155B718C7867900A97423 /* PeckDev-Info.plist */ = {isa = PBXFileReference; lastKnownFileType = text.plist.xml; path = "PeckDev-Info.plist"; sourceTree = "<group>"; };
		86E155B918C7867900A97423 /* en */ = {isa = PBXFileReference; lastKnownFileType = text.plist.strings; name = en; path = en.lproj/InfoPlist.strings; sourceTree = "<group>"; };
		86E155BB18C7867900A97423 /* main.m */ = {isa = PBXFileReference; lastKnownFileType = sourcecode.c.objc; path = main.m; sourceTree = "<group>"; };
		86E155BD18C7867900A97423 /* PeckDev-Prefix.pch */ = {isa = PBXFileReference; lastKnownFileType = sourcecode.c.h; path = "PeckDev-Prefix.pch"; sourceTree = "<group>"; };
		86E155BE18C7867900A97423 /* PeckAppDelegate.h */ = {isa = PBXFileReference; lastKnownFileType = sourcecode.c.h; path = PeckAppDelegate.h; sourceTree = "<group>"; };
		86E155BF18C7867900A97423 /* PeckAppDelegate.m */ = {isa = PBXFileReference; lastKnownFileType = sourcecode.c.objc; path = PeckAppDelegate.m; sourceTree = "<group>"; };
		86E155C218C7867900A97423 /* PeckApp.xcdatamodel */ = {isa = PBXFileReference; lastKnownFileType = wrapper.xcdatamodel; path = PeckApp.xcdatamodel; sourceTree = "<group>"; };
		86E155C418C7867900A97423 /* Images.xcassets */ = {isa = PBXFileReference; lastKnownFileType = folder.assetcatalog; path = Images.xcassets; sourceTree = "<group>"; };
		86E155CA18C7867900A97423 /* PeckDevTests.xctest */ = {isa = PBXFileReference; explicitFileType = wrapper.cfbundle; includeInIndex = 0; path = PeckDevTests.xctest; sourceTree = BUILT_PRODUCTS_DIR; };
		86E155CB18C7867900A97423 /* XCTest.framework */ = {isa = PBXFileReference; lastKnownFileType = wrapper.framework; name = XCTest.framework; path = Library/Frameworks/XCTest.framework; sourceTree = DEVELOPER_DIR; };
		86E155D418C7867900A97423 /* PeckDevTests-Info.plist */ = {isa = PBXFileReference; lastKnownFileType = text.plist.xml; path = "PeckDevTests-Info.plist"; sourceTree = "<group>"; };
		86E155D618C7867900A97423 /* en */ = {isa = PBXFileReference; lastKnownFileType = text.plist.strings; name = en; path = en.lproj/InfoPlist.strings; sourceTree = "<group>"; };
		86E155D818C7867900A97423 /* PeckAppTests.m */ = {isa = PBXFileReference; lastKnownFileType = sourcecode.c.objc; path = PeckAppTests.m; sourceTree = "<group>"; };
		86E155E218C786A400A97423 /* MainStoryboard.storyboard */ = {isa = PBXFileReference; fileEncoding = 4; lastKnownFileType = file.storyboard; path = MainStoryboard.storyboard; sourceTree = "<group>"; };
		86E155E818C786DE00A97423 /* PeckSidebarViewController.h */ = {isa = PBXFileReference; fileEncoding = 4; lastKnownFileType = sourcecode.c.h; path = PeckSidebarViewController.h; sourceTree = "<group>"; };
		86E155E918C786DE00A97423 /* PeckSidebarViewController.m */ = {isa = PBXFileReference; fileEncoding = 4; lastKnownFileType = sourcecode.c.objc; path = PeckSidebarViewController.m; sourceTree = "<group>"; };
		86E155EB18C787C300A97423 /* PeckEventsViewController.h */ = {isa = PBXFileReference; fileEncoding = 4; lastKnownFileType = sourcecode.c.h; path = PeckEventsViewController.h; sourceTree = "<group>"; };
		86E155EC18C787C300A97423 /* PeckEventsViewController.m */ = {isa = PBXFileReference; fileEncoding = 4; lastKnownFileType = sourcecode.c.objc; path = PeckEventsViewController.m; sourceTree = "<group>"; };
		86E155EE18C7B23C00A97423 /* PeckEventInfoViewController.h */ = {isa = PBXFileReference; fileEncoding = 4; lastKnownFileType = sourcecode.c.h; path = PeckEventInfoViewController.h; sourceTree = "<group>"; };
		86E155EF18C7B23C00A97423 /* PeckEventInfoViewController.m */ = {isa = PBXFileReference; fileEncoding = 4; lastKnownFileType = sourcecode.c.objc; path = PeckEventInfoViewController.m; sourceTree = "<group>"; };
		86E155F118C7F0E000A97423 /* MainStoryboard-ipad.storyboard */ = {isa = PBXFileReference; fileEncoding = 4; lastKnownFileType = file.storyboard; path = "MainStoryboard-ipad.storyboard"; sourceTree = "<group>"; };
		86E155F418C82B4E00A97423 /* Lato-Bla.ttf */ = {isa = PBXFileReference; lastKnownFileType = file; path = "Lato-Bla.ttf"; sourceTree = "<group>"; };
		86E155F518C82B4E00A97423 /* Lato-Hai.ttf */ = {isa = PBXFileReference; lastKnownFileType = file; path = "Lato-Hai.ttf"; sourceTree = "<group>"; };
		86E155F618C82B4E00A97423 /* Lato-Lig.ttf */ = {isa = PBXFileReference; lastKnownFileType = file; path = "Lato-Lig.ttf"; sourceTree = "<group>"; };
		86E155F718C82B4E00A97423 /* Lato-Reg.ttf */ = {isa = PBXFileReference; lastKnownFileType = file; path = "Lato-Reg.ttf"; sourceTree = "<group>"; };
		86EF9CE118EA4CA30037B168 /* README.rtf */ = {isa = PBXFileReference; fileEncoding = 4; lastKnownFileType = text.rtf; name = README.rtf; path = "Peck App/README.rtf"; sourceTree = "<group>"; };
		86F5C37318DFA69600ADE6E9 /* PeckLoginStoryboardLink.h */ = {isa = PBXFileReference; fileEncoding = 4; lastKnownFileType = sourcecode.c.h; path = PeckLoginStoryboardLink.h; sourceTree = "<group>"; };
		86F5C37418DFA69600ADE6E9 /* PeckLoginStoryboardLink.m */ = {isa = PBXFileReference; fileEncoding = 4; lastKnownFileType = sourcecode.c.objc; path = PeckLoginStoryboardLink.m; sourceTree = "<group>"; };
		8B3B78A9BF0E4A57862953C7 /* libPods.a */ = {isa = PBXFileReference; explicitFileType = archive.ar; includeInIndex = 0; path = libPods.a; sourceTree = BUILT_PRODUCTS_DIR; };
		EA411B94AAC24356A9B3CAB9 /* Pods.xcconfig */ = {isa = PBXFileReference; includeInIndex = 1; lastKnownFileType = text.xcconfig; name = Pods.xcconfig; path = Pods/Pods.xcconfig; sourceTree = "<group>"; };
/* End PBXFileReference section */

/* Begin PBXFrameworksBuildPhase section */
		86E155A718C7867900A97423 /* Frameworks */ = {
			isa = PBXFrameworksBuildPhase;
			buildActionMask = 2147483647;
			files = (
				86907BF918D9F81300079FD5 /* QuartzCore.framework in Frameworks */,
				86E155B018C7867900A97423 /* CoreGraphics.framework in Frameworks */,
				86E155B418C7867900A97423 /* CoreData.framework in Frameworks */,
				86E155B218C7867900A97423 /* UIKit.framework in Frameworks */,
				86E155AE18C7867900A97423 /* Foundation.framework in Frameworks */,
				2F8437B31B484BB9AE514283 /* libPods.a in Frameworks */,
			);
			runOnlyForDeploymentPostprocessing = 0;
		};
		86E155C718C7867900A97423 /* Frameworks */ = {
			isa = PBXFrameworksBuildPhase;
			buildActionMask = 2147483647;
			files = (
				86E155CC18C7867900A97423 /* XCTest.framework in Frameworks */,
				86E155CF18C7867900A97423 /* CoreData.framework in Frameworks */,
				86E155CE18C7867900A97423 /* UIKit.framework in Frameworks */,
				86E155CD18C7867900A97423 /* Foundation.framework in Frameworks */,
			);
			runOnlyForDeploymentPostprocessing = 0;
		};
/* End PBXFrameworksBuildPhase section */

/* Begin PBXGroup section */
		8610864D18D0AB610059AA7F /* login */ = {
			isa = PBXGroup;
			children = (
				8610863F18D0994B0059AA7F /* LoginStoryboard.storyboard */,
				8632F3A918C956CF005ACAA6 /* PeckInitialViewController.h */,
				8632F3AA18C956CF005ACAA6 /* PeckInitialViewController.m */,
				8631D9DE18D554F300F86E20 /* PeckLoginViewController.h */,
				8631D9DF18D554F300F86E20 /* PeckLoginViewController.m */,
				8631D9E118D5550900F86E20 /* PeckRegisterViewController.h */,
				8631D9E218D5550900F86E20 /* PeckRegisterViewController.m */,
				8631B48E18D13C7300A21E81 /* PeckLoadingViewController.h */,
				8631B48F18D13C7300A21E81 /* PeckLoadingViewController.m */,
				8631B48B18D0AE7200A21E81 /* PeckTutorialViewController.h */,
				8631B48C18D0AE7200A21E81 /* PeckTutorialViewController.m */,
				8610864A18D0AB520059AA7F /* PeckTutorialContentViewController.h */,
				8610864B18D0AB520059AA7F /* PeckTutorialContentViewController.m */,
				86F5C37318DFA69600ADE6E9 /* PeckLoginStoryboardLink.h */,
				86F5C37418DFA69600ADE6E9 /* PeckLoginStoryboardLink.m */,
			);
			name = login;
			sourceTree = "<group>";
		};
		8632F3AE18C95B3A005ACAA6 /* images */ = {
			isa = PBXGroup;
			children = (
				86907C4F18DA1C5400079FD5 /* clouds.jpg */,
				86907C5018DA1C5400079FD5 /* pink.jpg */,
				86907C5118DA1C5400079FD5 /* stone.jpg */,
				86907C5218DA1C5400079FD5 /* tree.jpg */,
				8632F3B118C9686F005ACAA6 /* sidebar_background.jpg */,
			);
			name = images;
			sourceTree = "<group>";
		};
		8633F02518DA74E300D16BF5 /* Config */ = {
			isa = PBXGroup;
			children = (
				8633F02618DA753A00D16BF5 /* WilliamsConfig.plist */,
			);
			name = Config;
			sourceTree = "<group>";
		};
		8687DC3818C82EB200DE97CB /* old images */ = {
			isa = PBXGroup;
			children = (
				8687DC3918C82EB200DE97CB /* 114_114.png */,
				8687DC3A18C82EB200DE97CB /* 3-line.png */,
				8687DC3B18C82EB200DE97CB /* 57_57.png */,
				8687DC3C18C82EB200DE97CB /* activity.png */,
				8687DC3D18C82EB200DE97CB /* activity_listing.png */,
				8687DC3E18C82EB200DE97CB /* AddMembers.png */,
				8687DC3F18C82EB200DE97CB /* after-hours.png */,
				8687DC4018C82EB200DE97CB /* after_hours.png */,
				8687DC4118C82EB200DE97CB /* after_hours_listing.png */,
				8687DC4218C82EB200DE97CB /* athleticsnew.png */,
				8687DC4318C82EB200DE97CB /* backButton.png */,
				8687DC4418C82EB200DE97CB /* bg_image.png */,
				8687DC4518C82EB200DE97CB /* breakfast.png */,
				8687DC4618C82EB200DE97CB /* call.png */,
				8687DC4718C82EB200DE97CB /* camera.png */,
				8687DC4818C82EB200DE97CB /* campus_evnt.png */,
				8687DC4918C82EB200DE97CB /* CancelButton.png */,
				8687DC4A18C82EB200DE97CB /* chat.png */,
				8687DC4B18C82EB200DE97CB /* check1.png */,
				8687DC4C18C82EB200DE97CB /* circles.png */,
				8687DC4D18C82EB200DE97CB /* circles1.png */,
				8687DC4E18C82EB200DE97CB /* delete.png */,
				8687DC4F18C82EB200DE97CB /* DeleteButton.png */,
				8687DC5018C82EB200DE97CB /* dining.png */,
				8687DC5118C82EB200DE97CB /* Dinner.png */,
				8687DC5218C82EB200DE97CB /* done.png */,
				8687DC5318C82EB200DE97CB /* EditEvent.png */,
				8687DC5418C82EB200DE97CB /* facebook.png */,
				8687DC5518C82EB200DE97CB /* fbsignup.png */,
				8687DC5618C82EB200DE97CB /* Feedback.png */,
				8687DC5718C82EB200DE97CB /* folder.png */,
				8687DC5818C82EB200DE97CB /* friends.png */,
				8687DC5918C82EB200DE97CB /* help.png */,
				8687DC5A18C82EB200DE97CB /* home.png */,
				8687DC5B18C82EB200DE97CB /* homenew.png */,
				8687DC5C18C82EB200DE97CB /* Late Night.png */,
				8687DC5D18C82EB200DE97CB /* location.png */,
				8687DC5E18C82EB200DE97CB /* Logo.png */,
				8687DC5F18C82EB200DE97CB /* Logo1.png */,
				8687DC6018C82EB200DE97CB /* Lunch.png */,
				8687DC6118C82EB200DE97CB /* mail.png */,
				8687DC6218C82EB200DE97CB /* Media.png */,
				8687DC6318C82EB200DE97CB /* my_horizon.png */,
				8687DC6418C82EB200DE97CB /* my_horizon_listing.png */,
				8687DC6518C82EB200DE97CB /* nocomment.png */,
				8687DC6618C82EB200DE97CB /* noimage.png */,
				8687DC6718C82EB200DE97CB /* pencil.png */,
				8687DC6818C82EB200DE97CB /* person.png */,
				8687DC6918C82EB200DE97CB /* plus.png */,
				8687DC6A18C82EB200DE97CB /* rightArrow.png */,
				8687DC6B18C82EB200DE97CB /* searchGrey.png */,
				8687DC6C18C82EB200DE97CB /* searchWhite.png */,
				8687DC6D18C82EB200DE97CB /* sequence */,
				8687DC7718C82EB200DE97CB /* setting.png */,
				8687DC7818C82EB200DE97CB /* share.png */,
				8687DC7918C82EB200DE97CB /* ShareButton.png */,
				8687DC7A18C82EB200DE97CB /* tick.png */,
				8687DC7B18C82EB200DE97CB /* timebright.png */,
				8687DC7C18C82EB200DE97CB /* timenew.png */,
				8687DC7D18C82EB200DE97CB /* twitter.png */,
				8687DC7E18C82EB200DE97CB /* uncheck.png */,
				8687DC7F18C82EB200DE97CB /* w.png */,
			);
			name = "old images";
			path = images;
			sourceTree = "<group>";
		};
		8687DC6D18C82EB200DE97CB /* sequence */ = {
			isa = PBXGroup;
			children = (
				8687DC6E18C82EB200DE97CB /* 1.png */,
				8687DC6F18C82EB200DE97CB /* 2.png */,
				8687DC7018C82EB200DE97CB /* 3.png */,
				8687DC7118C82EB200DE97CB /* 4.png */,
				8687DC7218C82EB200DE97CB /* 5.png */,
				8687DC7318C82EB200DE97CB /* 6.png */,
				8687DC7418C82EB200DE97CB /* bg_img.png */,
				8687DC7518C82EB200DE97CB /* folder.png */,
				8687DC7618C82EB200DE97CB /* home.png */,
			);
			path = sequence;
			sourceTree = "<group>";
		};
		86907BEB18D557F800079FD5 /* Components */ = {
			isa = PBXGroup;
			children = (
				86907BEC18D5583400079FD5 /* PeckEventCell.h */,
				86907BED18D5583400079FD5 /* PeckEventCell.m */,
				86907BF618D771B000079FD5 /* PeckEventCell.xib */,
				8633F02018DA6EC100D16BF5 /* PeckLoadCell.h */,
				8633F02118DA6ECF00D16BF5 /* PeckLoadCell.m */,
				8633F02318DA6EDB00D16BF5 /* PeckLoadCell.xib */,
			);
			name = Components;
			sourceTree = "<group>";
		};
		86E155A118C7867900A97423 = {
			isa = PBXGroup;
			children = (
				86EF9CDE18EA4C310037B168 /* Documentation */,
				86E155B518C7867900A97423 /* PeckDev */,
				86E155F318C82B4E00A97423 /* Latofont */,
				86E155D218C7867900A97423 /* PeckDevTests */,
				86E155AC18C7867900A97423 /* Frameworks */,
				86E155AB18C7867900A97423 /* Products */,
				EA411B94AAC24356A9B3CAB9 /* Pods.xcconfig */,
			);
			sourceTree = "<group>";
		};
		86E155AB18C7867900A97423 /* Products */ = {
			isa = PBXGroup;
			children = (
				86E155AA18C7867900A97423 /* PeckDev.app */,
				86E155CA18C7867900A97423 /* PeckDevTests.xctest */,
			);
			name = Products;
			sourceTree = "<group>";
		};
		86E155AC18C7867900A97423 /* Frameworks */ = {
			isa = PBXGroup;
			children = (
				86907BF818D9F81300079FD5 /* QuartzCore.framework */,
				86E155AD18C7867900A97423 /* Foundation.framework */,
				86E155AF18C7867900A97423 /* CoreGraphics.framework */,
				86E155B118C7867900A97423 /* UIKit.framework */,
				86E155B318C7867900A97423 /* CoreData.framework */,
				86E155CB18C7867900A97423 /* XCTest.framework */,
				8B3B78A9BF0E4A57862953C7 /* libPods.a */,
			);
			name = Frameworks;
			sourceTree = "<group>";
		};
		86E155B518C7867900A97423 /* PeckDev */ = {
			isa = PBXGroup;
			children = (
				86E155BE18C7867900A97423 /* PeckAppDelegate.h */,
				86E155BF18C7867900A97423 /* PeckAppDelegate.m */,
				8610864D18D0AB610059AA7F /* login */,
				86E155E218C786A400A97423 /* MainStoryboard.storyboard */,
				86E155F118C7F0E000A97423 /* MainStoryboard-ipad.storyboard */,
				86E155E818C786DE00A97423 /* PeckSidebarViewController.h */,
				86E155E918C786DE00A97423 /* PeckSidebarViewController.m */,
				86E155EB18C787C300A97423 /* PeckEventsViewController.h */,
				86E155EC18C787C300A97423 /* PeckEventsViewController.m */,
				86E155EE18C7B23C00A97423 /* PeckEventInfoViewController.h */,
				86E155EF18C7B23C00A97423 /* PeckEventInfoViewController.m */,
				86907BEB18D557F800079FD5 /* Components */,
				86146C3218C9737500C06873 /* PeckNotificationsViewController.h */,
				86146C3318C9737500C06873 /* PeckNotificationsViewController.m */,
				86BD1B7E18C9727400105DE7 /* PeckDiningMenusViewController.h */,
				86BD1B7F18C9727400105DE7 /* PeckDiningMenusViewController.m */,
				86146C3518C973C900C06873 /* PeckCirclesViewController.h */,
				86146C3618C973C900C06873 /* PeckCirclesViewController.m */,
				86ACA03918C9744000051FC2 /* PeckFeedbackViewController.h */,
				86ACA03A18C9744000051FC2 /* PeckFeedbackViewController.m */,
				86ACA03C18C9744E00051FC2 /* PeckSettingsViewController.h */,
				86ACA03D18C9744E00051FC2 /* PeckSettingsViewController.m */,
				8633F02518DA74E300D16BF5 /* Config */,
				8687DC3818C82EB200DE97CB /* old images */,
				8632F3AE18C95B3A005ACAA6 /* images */,
				86E155C418C7867900A97423 /* Images.xcassets */,
				86E155C118C7867900A97423 /* PeckApp.xcdatamodeld */,
				86E155B618C7867900A97423 /* Supporting Files */,
			);
			name = PeckDev;
			path = "Peck App";
			sourceTree = "<group>";
		};
		86E155B618C7867900A97423 /* Supporting Files */ = {
			isa = PBXGroup;
			children = (
				86E155B718C7867900A97423 /* PeckDev-Info.plist */,
				86E155B818C7867900A97423 /* InfoPlist.strings */,
				86E155BB18C7867900A97423 /* main.m */,
				86E155BD18C7867900A97423 /* PeckDev-Prefix.pch */,
			);
			name = "Supporting Files";
			sourceTree = "<group>";
		};
		86E155D218C7867900A97423 /* PeckDevTests */ = {
			isa = PBXGroup;
			children = (
				86E155D818C7867900A97423 /* PeckAppTests.m */,
				86E155D318C7867900A97423 /* Supporting Files */,
			);
			name = PeckDevTests;
			path = "Peck AppTests";
			sourceTree = "<group>";
		};
		86E155D318C7867900A97423 /* Supporting Files */ = {
			isa = PBXGroup;
			children = (
				86E155D418C7867900A97423 /* PeckDevTests-Info.plist */,
				86E155D518C7867900A97423 /* InfoPlist.strings */,
			);
			name = "Supporting Files";
			sourceTree = "<group>";
		};
		86E155F318C82B4E00A97423 /* Latofont */ = {
			isa = PBXGroup;
			children = (
				86E155F418C82B4E00A97423 /* Lato-Bla.ttf */,
				86E155F518C82B4E00A97423 /* Lato-Hai.ttf */,
				86E155F618C82B4E00A97423 /* Lato-Lig.ttf */,
				86E155F718C82B4E00A97423 /* Lato-Reg.ttf */,
			);
			name = Latofont;
			path = "Peck App/Latofont";
			sourceTree = "<group>";
		};
		86EF9CDE18EA4C310037B168 /* Documentation */ = {
			isa = PBXGroup;
			children = (
				86EF9CE118EA4CA30037B168 /* README.rtf */,
			);
			name = Documentation;
			sourceTree = "<group>";
		};
/* End PBXGroup section */

/* Begin PBXNativeTarget section */
		86E155A918C7867900A97423 /* PeckDev */ = {
			isa = PBXNativeTarget;
			buildConfigurationList = 86E155DC18C7867900A97423 /* Build configuration list for PBXNativeTarget "PeckDev" */;
			buildPhases = (
				4674ECCE24054DB4BAED7B8A /* Check Pods Manifest.lock */,
				86E155A618C7867900A97423 /* Sources */,
				86E155A718C7867900A97423 /* Frameworks */,
				86E155A818C7867900A97423 /* Resources */,
				7B81B547B1524E6CADC8D6EB /* Copy Pods Resources */,
			);
			buildRules = (
			);
			dependencies = (
			);
			name = PeckDev;
			productName = "Peck App";
			productReference = 86E155AA18C7867900A97423 /* PeckDev.app */;
			productType = "com.apple.product-type.application";
		};
		86E155C918C7867900A97423 /* PeckDevTests */ = {
			isa = PBXNativeTarget;
			buildConfigurationList = 86E155DF18C7867900A97423 /* Build configuration list for PBXNativeTarget "PeckDevTests" */;
			buildPhases = (
				86E155C618C7867900A97423 /* Sources */,
				86E155C718C7867900A97423 /* Frameworks */,
				86E155C818C7867900A97423 /* Resources */,
			);
			buildRules = (
			);
			dependencies = (
				86E155D118C7867900A97423 /* PBXTargetDependency */,
			);
			name = PeckDevTests;
			productName = "Peck AppTests";
			productReference = 86E155CA18C7867900A97423 /* PeckDevTests.xctest */;
			productType = "com.apple.product-type.bundle.unit-test";
		};
/* End PBXNativeTarget section */

/* Begin PBXProject section */
		86E155A218C7867900A97423 /* Project object */ = {
			isa = PBXProject;
			attributes = {
				CLASSPREFIX = Peck;
				LastUpgradeCheck = 0510;
				ORGANIZATIONNAME = "Peck App";
				TargetAttributes = {
					86E155C918C7867900A97423 = {
						TestTargetID = 86E155A918C7867900A97423;
					};
				};
			};
			buildConfigurationList = 86E155A518C7867900A97423 /* Build configuration list for PBXProject "PeckDev" */;
			compatibilityVersion = "Xcode 3.2";
			developmentRegion = English;
			hasScannedForEncodings = 0;
			knownRegions = (
				en,
			);
			mainGroup = 86E155A118C7867900A97423;
			productRefGroup = 86E155AB18C7867900A97423 /* Products */;
			projectDirPath = "";
			projectRoot = "";
			targets = (
				86E155A918C7867900A97423 /* PeckDev */,
				86E155C918C7867900A97423 /* PeckDevTests */,
			);
		};
/* End PBXProject section */

/* Begin PBXResourcesBuildPhase section */
		86E155A818C7867900A97423 /* Resources */ = {
			isa = PBXResourcesBuildPhase;
			buildActionMask = 2147483647;
			files = (
				8687DCB918C82EB200DE97CB /* 6.png in Resources */,
				8687DC8818C82EB200DE97CB /* after_hours_listing.png in Resources */,
				8687DC9618C82EB200DE97CB /* DeleteButton.png in Resources */,
				8687DCA918C82EB200DE97CB /* Media.png in Resources */,
				8687DCA118C82EB200DE97CB /* home.png in Resources */,
				8687DC9118C82EB200DE97CB /* chat.png in Resources */,
				8687DC8218C82EB200DE97CB /* 57_57.png in Resources */,
				8633F02718DA753A00D16BF5 /* WilliamsConfig.plist in Resources */,
				8687DCA018C82EB200DE97CB /* help.png in Resources */,
				8687DCA618C82EB200DE97CB /* Logo1.png in Resources */,
				8687DCB518C82EB200DE97CB /* 2.png in Resources */,
				8610864018D0994B0059AA7F /* LoginStoryboard.storyboard in Resources */,
				8687DCAB18C82EB200DE97CB /* my_horizon_listing.png in Resources */,
				8687DC8A18C82EB200DE97CB /* backButton.png in Resources */,
				8687DCB818C82EB200DE97CB /* 5.png in Resources */,
				8687DCC318C82EB200DE97CB /* twitter.png in Resources */,
				8687DCAE18C82EB200DE97CB /* pencil.png in Resources */,
				8687DCB618C82EB200DE97CB /* 3.png in Resources */,
				8687DC8618C82EB200DE97CB /* after-hours.png in Resources */,
				8687DC8E18C82EB200DE97CB /* camera.png in Resources */,
				8687DCBF18C82EB200DE97CB /* ShareButton.png in Resources */,
				8687DC9C18C82EB200DE97CB /* fbsignup.png in Resources */,
				8687DC9918C82EB200DE97CB /* done.png in Resources */,
				8687DCAD18C82EB200DE97CB /* noimage.png in Resources */,
				8687DC9218C82EB200DE97CB /* check1.png in Resources */,
				8687DCB218C82EB200DE97CB /* searchGrey.png in Resources */,
				86E155E318C786A400A97423 /* MainStoryboard.storyboard in Resources */,
				8687DC9E18C82EB200DE97CB /* folder.png in Resources */,
				8687DCAC18C82EB200DE97CB /* nocomment.png in Resources */,
				8687DCBA18C82EB200DE97CB /* bg_img.png in Resources */,
				8687DCBE18C82EB200DE97CB /* share.png in Resources */,
				86EF9CE218EA4CA30037B168 /* README.rtf in Resources */,
				8687DCB418C82EB200DE97CB /* 1.png in Resources */,
				8687DCAF18C82EB200DE97CB /* person.png in Resources */,
				86E155BA18C7867900A97423 /* InfoPlist.strings in Resources */,
				8687DCC018C82EB200DE97CB /* tick.png in Resources */,
				8687DC9D18C82EB200DE97CB /* Feedback.png in Resources */,
				8687DC9418C82EB200DE97CB /* circles1.png in Resources */,
				8687DC8718C82EB200DE97CB /* after_hours.png in Resources */,
				8687DC9B18C82EB200DE97CB /* facebook.png in Resources */,
				8687DC9F18C82EB200DE97CB /* friends.png in Resources */,
				8687DCA518C82EB200DE97CB /* Logo.png in Resources */,
				86907BF718D771B000079FD5 /* PeckEventCell.xib in Resources */,
				86E155F218C7F0E000A97423 /* MainStoryboard-ipad.storyboard in Resources */,
				8687DC8318C82EB200DE97CB /* activity.png in Resources */,
				8687DCBD18C82EB200DE97CB /* setting.png in Resources */,
				8687DCAA18C82EB200DE97CB /* my_horizon.png in Resources */,
				86907C5318DA1C5400079FD5 /* clouds.jpg in Resources */,
				8687DCC418C82EB200DE97CB /* uncheck.png in Resources */,
				8632F3B218C9686F005ACAA6 /* sidebar_background.jpg in Resources */,
				8687DCC518C82EB200DE97CB /* w.png in Resources */,
				8687DCA418C82EB200DE97CB /* location.png in Resources */,
				86E155FB18C82B4E00A97423 /* Lato-Reg.ttf in Resources */,
				86E155C518C7867900A97423 /* Images.xcassets in Resources */,
				86907C5518DA1C5400079FD5 /* stone.jpg in Resources */,
				8687DC8C18C82EB200DE97CB /* breakfast.png in Resources */,
				8687DCA818C82EB200DE97CB /* mail.png in Resources */,
				8687DC8918C82EB200DE97CB /* athleticsnew.png in Resources */,
				8687DC8418C82EB200DE97CB /* activity_listing.png in Resources */,
				8687DC9518C82EB200DE97CB /* delete.png in Resources */,
				86E155F818C82B4E00A97423 /* Lato-Bla.ttf in Resources */,
				8687DCB718C82EB200DE97CB /* 4.png in Resources */,
				8633F02418DA6EDB00D16BF5 /* PeckLoadCell.xib in Resources */,
				8687DC8B18C82EB200DE97CB /* bg_image.png in Resources */,
				8687DC9A18C82EB200DE97CB /* EditEvent.png in Resources */,
				8687DC9718C82EB200DE97CB /* dining.png in Resources */,
				86E155F918C82B4E00A97423 /* Lato-Hai.ttf in Resources */,
				8687DCA318C82EB200DE97CB /* Late Night.png in Resources */,
				8687DCC118C82EB200DE97CB /* timebright.png in Resources */,
				8687DC8118C82EB200DE97CB /* 3-line.png in Resources */,
				86907C5418DA1C5400079FD5 /* pink.jpg in Resources */,
				8687DCA718C82EB200DE97CB /* Lunch.png in Resources */,
				86E155FA18C82B4E00A97423 /* Lato-Lig.ttf in Resources */,
				8687DC8018C82EB200DE97CB /* 114_114.png in Resources */,
				8687DC8518C82EB200DE97CB /* AddMembers.png in Resources */,
				8687DCB018C82EB200DE97CB /* plus.png in Resources */,
				86907C5618DA1C5400079FD5 /* tree.jpg in Resources */,
				8687DC8D18C82EB200DE97CB /* call.png in Resources */,
				8687DCB318C82EB200DE97CB /* searchWhite.png in Resources */,
				8687DCA218C82EB200DE97CB /* homenew.png in Resources */,
				8687DC9018C82EB200DE97CB /* CancelButton.png in Resources */,
				8687DCB118C82EB200DE97CB /* rightArrow.png in Resources */,
				8687DC9818C82EB200DE97CB /* Dinner.png in Resources */,
				8687DCC218C82EB200DE97CB /* timenew.png in Resources */,
				8687DC8F18C82EB200DE97CB /* campus_evnt.png in Resources */,
				8687DC9318C82EB200DE97CB /* circles.png in Resources */,
			);
			runOnlyForDeploymentPostprocessing = 0;
		};
		86E155C818C7867900A97423 /* Resources */ = {
			isa = PBXResourcesBuildPhase;
			buildActionMask = 2147483647;
			files = (
				86E155D718C7867900A97423 /* InfoPlist.strings in Resources */,
			);
			runOnlyForDeploymentPostprocessing = 0;
		};
/* End PBXResourcesBuildPhase section */

/* Begin PBXShellScriptBuildPhase section */
		4674ECCE24054DB4BAED7B8A /* Check Pods Manifest.lock */ = {
			isa = PBXShellScriptBuildPhase;
			buildActionMask = 2147483647;
			files = (
			);
			inputPaths = (
			);
			name = "Check Pods Manifest.lock";
			outputPaths = (
			);
			runOnlyForDeploymentPostprocessing = 0;
			shellPath = /bin/sh;
			shellScript = "diff \"${PODS_ROOT}/../Podfile.lock\" \"${PODS_ROOT}/Manifest.lock\" > /dev/null\nif [[ $? != 0 ]] ; then\n    cat << EOM\nerror: The sandbox is not in sync with the Podfile.lock. Run 'pod install' or update your CocoaPods installation.\nEOM\n    exit 1\nfi\n";
			showEnvVarsInLog = 0;
		};
		7B81B547B1524E6CADC8D6EB /* Copy Pods Resources */ = {
			isa = PBXShellScriptBuildPhase;
			buildActionMask = 2147483647;
			files = (
			);
			inputPaths = (
			);
			name = "Copy Pods Resources";
			outputPaths = (
			);
			runOnlyForDeploymentPostprocessing = 0;
			shellPath = /bin/sh;
			shellScript = "\"${SRCROOT}/Pods/Pods-resources.sh\"\n";
			showEnvVarsInLog = 0;
		};
/* End PBXShellScriptBuildPhase section */

/* Begin PBXSourcesBuildPhase section */
		86E155A618C7867900A97423 /* Sources */ = {
			isa = PBXSourcesBuildPhase;
			buildActionMask = 2147483647;
			files = (
				86907BEE18D5583400079FD5 /* PeckEventCell.m in Sources */,
				86146C3418C9737500C06873 /* PeckNotificationsViewController.m in Sources */,
				8631D9E018D554F300F86E20 /* PeckLoginViewController.m in Sources */,
				86E155F018C7B23C00A97423 /* PeckEventInfoViewController.m in Sources */,
				86ACA03E18C9744F00051FC2 /* PeckSettingsViewController.m in Sources */,
				86E155C318C7867900A97423 /* PeckApp.xcdatamodeld in Sources */,
				86E155BC18C7867900A97423 /* main.m in Sources */,
				86E155ED18C787C300A97423 /* PeckEventsViewController.m in Sources */,
				86F5C37518DFA69600ADE6E9 /* PeckLoginStoryboardLink.m in Sources */,
				8633F02218DA6ECF00D16BF5 /* PeckLoadCell.m in Sources */,
				8631B49018D13C7300A21E81 /* PeckLoadingViewController.m in Sources */,
				86E155C018C7867900A97423 /* PeckAppDelegate.m in Sources */,
				86BD1B8018C9727400105DE7 /* PeckDiningMenusViewController.m in Sources */,
				86E155EA18C786DE00A97423 /* PeckSidebarViewController.m in Sources */,
				8631D9E318D5550900F86E20 /* PeckRegisterViewController.m in Sources */,
				86146C3718C973C900C06873 /* PeckCirclesViewController.m in Sources */,
				86ACA03B18C9744000051FC2 /* PeckFeedbackViewController.m in Sources */,
				8632F3AB18C956CF005ACAA6 /* PeckInitialViewController.m in Sources */,
				8631B48D18D0AE7200A21E81 /* PeckTutorialViewController.m in Sources */,
				8610864C18D0AB520059AA7F /* PeckTutorialContentViewController.m in Sources */,
			);
			runOnlyForDeploymentPostprocessing = 0;
		};
		86E155C618C7867900A97423 /* Sources */ = {
			isa = PBXSourcesBuildPhase;
			buildActionMask = 2147483647;
			files = (
				86E155D918C7867900A97423 /* PeckAppTests.m in Sources */,
			);
			runOnlyForDeploymentPostprocessing = 0;
		};
/* End PBXSourcesBuildPhase section */

/* Begin PBXTargetDependency section */
		86E155D118C7867900A97423 /* PBXTargetDependency */ = {
			isa = PBXTargetDependency;
			target = 86E155A918C7867900A97423 /* PeckDev */;
			targetProxy = 86E155D018C7867900A97423 /* PBXContainerItemProxy */;
		};
/* End PBXTargetDependency section */

/* Begin PBXVariantGroup section */
		86E155B818C7867900A97423 /* InfoPlist.strings */ = {
			isa = PBXVariantGroup;
			children = (
				86E155B918C7867900A97423 /* en */,
			);
			name = InfoPlist.strings;
			sourceTree = "<group>";
		};
		86E155D518C7867900A97423 /* InfoPlist.strings */ = {
			isa = PBXVariantGroup;
			children = (
				86E155D618C7867900A97423 /* en */,
			);
			name = InfoPlist.strings;
			sourceTree = "<group>";
		};
/* End PBXVariantGroup section */

/* Begin XCBuildConfiguration section */
		86E155DA18C7867900A97423 /* Debug */ = {
			isa = XCBuildConfiguration;
			buildSettings = {
				ALWAYS_SEARCH_USER_PATHS = NO;
				CLANG_CXX_LANGUAGE_STANDARD = "gnu++0x";
				CLANG_CXX_LIBRARY = "libc++";
				CLANG_ENABLE_MODULES = YES;
				CLANG_ENABLE_OBJC_ARC = YES;
				CLANG_WARN_BOOL_CONVERSION = YES;
				CLANG_WARN_CONSTANT_CONVERSION = YES;
				CLANG_WARN_DIRECT_OBJC_ISA_USAGE = YES_ERROR;
				CLANG_WARN_EMPTY_BODY = YES;
				CLANG_WARN_ENUM_CONVERSION = YES;
				CLANG_WARN_INT_CONVERSION = YES;
				CLANG_WARN_OBJC_ROOT_CLASS = YES_ERROR;
				CLANG_WARN__DUPLICATE_METHOD_MATCH = YES;
				"CODE_SIGN_IDENTITY[sdk=iphoneos*]" = "iPhone Developer";
				COPY_PHASE_STRIP = NO;
				GCC_C_LANGUAGE_STANDARD = gnu99;
				GCC_DYNAMIC_NO_PIC = NO;
				GCC_OPTIMIZATION_LEVEL = 0;
				GCC_PREPROCESSOR_DEFINITIONS = (
					"DEBUG=1",
					"$(inherited)",
				);
				GCC_SYMBOLS_PRIVATE_EXTERN = NO;
				GCC_WARN_64_TO_32_BIT_CONVERSION = YES;
				GCC_WARN_ABOUT_RETURN_TYPE = YES_ERROR;
				GCC_WARN_UNDECLARED_SELECTOR = YES;
				GCC_WARN_UNINITIALIZED_AUTOS = YES;
				GCC_WARN_UNUSED_FUNCTION = YES;
				GCC_WARN_UNUSED_VARIABLE = YES;
				IPHONEOS_DEPLOYMENT_TARGET = 7.0;
				ONLY_ACTIVE_ARCH = YES;
				SDKROOT = iphoneos;
				TARGETED_DEVICE_FAMILY = "1,2";
			};
			name = Debug;
		};
		86E155DB18C7867900A97423 /* Release */ = {
			isa = XCBuildConfiguration;
			buildSettings = {
				ALWAYS_SEARCH_USER_PATHS = NO;
				CLANG_CXX_LANGUAGE_STANDARD = "gnu++0x";
				CLANG_CXX_LIBRARY = "libc++";
				CLANG_ENABLE_MODULES = YES;
				CLANG_ENABLE_OBJC_ARC = YES;
				CLANG_WARN_BOOL_CONVERSION = YES;
				CLANG_WARN_CONSTANT_CONVERSION = YES;
				CLANG_WARN_DIRECT_OBJC_ISA_USAGE = YES_ERROR;
				CLANG_WARN_EMPTY_BODY = YES;
				CLANG_WARN_ENUM_CONVERSION = YES;
				CLANG_WARN_INT_CONVERSION = YES;
				CLANG_WARN_OBJC_ROOT_CLASS = YES_ERROR;
				CLANG_WARN__DUPLICATE_METHOD_MATCH = YES;
				"CODE_SIGN_IDENTITY[sdk=iphoneos*]" = "iPhone Developer";
				COPY_PHASE_STRIP = YES;
				ENABLE_NS_ASSERTIONS = NO;
				GCC_C_LANGUAGE_STANDARD = gnu99;
				GCC_WARN_64_TO_32_BIT_CONVERSION = YES;
				GCC_WARN_ABOUT_RETURN_TYPE = YES_ERROR;
				GCC_WARN_UNDECLARED_SELECTOR = YES;
				GCC_WARN_UNINITIALIZED_AUTOS = YES;
				GCC_WARN_UNUSED_FUNCTION = YES;
				GCC_WARN_UNUSED_VARIABLE = YES;
				IPHONEOS_DEPLOYMENT_TARGET = 7.0;
				SDKROOT = iphoneos;
				TARGETED_DEVICE_FAMILY = "1,2";
				VALIDATE_PRODUCT = YES;
			};
			name = Release;
		};
		86E155DD18C7867900A97423 /* Debug */ = {
			isa = XCBuildConfiguration;
			baseConfigurationReference = EA411B94AAC24356A9B3CAB9 /* Pods.xcconfig */;
			buildSettings = {
				ASSETCATALOG_COMPILER_APPICON_NAME = AppIcon;
				ASSETCATALOG_COMPILER_LAUNCHIMAGE_NAME = LaunchImage;
				GCC_PRECOMPILE_PREFIX_HEADER = YES;
				GCC_PREFIX_HEADER = "Peck App/PeckDev-Prefix.pch";
				INFOPLIST_FILE = "Peck App/PeckDev-Info.plist";
				PRODUCT_NAME = PeckDev;
				WRAPPER_EXTENSION = app;
			};
			name = Debug;
		};
		86E155DE18C7867900A97423 /* Release */ = {
			isa = XCBuildConfiguration;
			baseConfigurationReference = EA411B94AAC24356A9B3CAB9 /* Pods.xcconfig */;
			buildSettings = {
				ASSETCATALOG_COMPILER_APPICON_NAME = AppIcon;
				ASSETCATALOG_COMPILER_LAUNCHIMAGE_NAME = LaunchImage;
				GCC_PRECOMPILE_PREFIX_HEADER = YES;
				GCC_PREFIX_HEADER = "Peck App/PeckDev-Prefix.pch";
				INFOPLIST_FILE = "Peck App/PeckDev-Info.plist";
				PRODUCT_NAME = PeckDev;
				WRAPPER_EXTENSION = app;
			};
			name = Release;
		};
		86E155E018C7867900A97423 /* Debug */ = {
			isa = XCBuildConfiguration;
			buildSettings = {
				BUNDLE_LOADER = "$(BUILT_PRODUCTS_DIR)/Peck App.app/Peck App";
				FRAMEWORK_SEARCH_PATHS = (
					"$(SDKROOT)/Developer/Library/Frameworks",
					"$(inherited)",
					"$(DEVELOPER_FRAMEWORKS_DIR)",
				);
				GCC_PRECOMPILE_PREFIX_HEADER = YES;
				GCC_PREFIX_HEADER = "Peck App/Peck App-Prefix.pch";
				GCC_PREPROCESSOR_DEFINITIONS = (
					"DEBUG=1",
					"$(inherited)",
				);
				INFOPLIST_FILE = "Peck AppTests/PeckDevTests-Info.plist";
				PRODUCT_NAME = PeckDevTests;
				TEST_HOST = "$(BUNDLE_LOADER)";
				WRAPPER_EXTENSION = xctest;
			};
			name = Debug;
		};
		86E155E118C7867900A97423 /* Release */ = {
			isa = XCBuildConfiguration;
			buildSettings = {
				BUNDLE_LOADER = "$(BUILT_PRODUCTS_DIR)/Peck App.app/Peck App";
				FRAMEWORK_SEARCH_PATHS = (
					"$(SDKROOT)/Developer/Library/Frameworks",
					"$(inherited)",
					"$(DEVELOPER_FRAMEWORKS_DIR)",
				);
				GCC_PRECOMPILE_PREFIX_HEADER = YES;
				GCC_PREFIX_HEADER = "Peck App/Peck App-Prefix.pch";
				INFOPLIST_FILE = "Peck AppTests/PeckDevTests-Info.plist";
				PRODUCT_NAME = PeckDevTests;
				TEST_HOST = "$(BUNDLE_LOADER)";
				WRAPPER_EXTENSION = xctest;
			};
			name = Release;
		};
/* End XCBuildConfiguration section */

/* Begin XCConfigurationList section */
		86E155A518C7867900A97423 /* Build configuration list for PBXProject "PeckDev" */ = {
			isa = XCConfigurationList;
			buildConfigurations = (
				86E155DA18C7867900A97423 /* Debug */,
				86E155DB18C7867900A97423 /* Release */,
			);
			defaultConfigurationIsVisible = 0;
			defaultConfigurationName = Release;
		};
		86E155DC18C7867900A97423 /* Build configuration list for PBXNativeTarget "PeckDev" */ = {
			isa = XCConfigurationList;
			buildConfigurations = (
				86E155DD18C7867900A97423 /* Debug */,
				86E155DE18C7867900A97423 /* Release */,
			);
			defaultConfigurationIsVisible = 0;
			defaultConfigurationName = Release;
		};
		86E155DF18C7867900A97423 /* Build configuration list for PBXNativeTarget "PeckDevTests" */ = {
			isa = XCConfigurationList;
			buildConfigurations = (
				86E155E018C7867900A97423 /* Debug */,
				86E155E118C7867900A97423 /* Release */,
			);
			defaultConfigurationIsVisible = 0;
			defaultConfigurationName = Release;
		};
/* End XCConfigurationList section */

/* Begin XCVersionGroup section */
		86E155C118C7867900A97423 /* PeckApp.xcdatamodeld */ = {
			isa = XCVersionGroup;
			children = (
				86E155C218C7867900A97423 /* PeckApp.xcdatamodel */,
			);
			currentVersion = 86E155C218C7867900A97423 /* PeckApp.xcdatamodel */;
			path = PeckApp.xcdatamodeld;
			sourceTree = "<group>";
			versionGroupType = wrapper.xcdatamodel;
		};
/* End XCVersionGroup section */
	};
	rootObject = 86E155A218C7867900A97423 /* Project object */;
}
